// !$*UTF8*$!
{
	archiveVersion = 1;
	classes = {
	};
	objectVersion = 50;
	objects = {

/* Begin PBXBuildFile section */
		4072222924340E670082D857 /* AppDelegate.swift in Sources */ = {isa = PBXBuildFile; fileRef = 4072222824340E670082D857 /* AppDelegate.swift */; };
		4072222B24340E670082D857 /* SceneDelegate.swift in Sources */ = {isa = PBXBuildFile; fileRef = 4072222A24340E670082D857 /* SceneDelegate.swift */; };
		4072222D24340E670082D857 /* ViewController.swift in Sources */ = {isa = PBXBuildFile; fileRef = 4072222C24340E670082D857 /* ViewController.swift */; };
		4072223024340E670082D857 /* Main.storyboard in Resources */ = {isa = PBXBuildFile; fileRef = 4072222E24340E670082D857 /* Main.storyboard */; };
		4072223224340E6D0082D857 /* Assets.xcassets in Resources */ = {isa = PBXBuildFile; fileRef = 4072223124340E6D0082D857 /* Assets.xcassets */; };
		4072223524340E6D0082D857 /* LaunchScreen.storyboard in Resources */ = {isa = PBXBuildFile; fileRef = 4072223324340E6D0082D857 /* LaunchScreen.storyboard */; };
		4072224024340E6D0082D857 /* Homeowrk_7__actually_7_Tests.swift in Sources */ = {isa = PBXBuildFile; fileRef = 4072223F24340E6D0082D857 /* Homeowrk_7__actually_7_Tests.swift */; };
		4072224B24340E6D0082D857 /* Homeowrk_7__actually_7_UITests.swift in Sources */ = {isa = PBXBuildFile; fileRef = 4072224A24340E6D0082D857 /* Homeowrk_7__actually_7_UITests.swift */; };
/* End PBXBuildFile section */

/* Begin PBXContainerItemProxy section */
		4072223C24340E6D0082D857 /* PBXContainerItemProxy */ = {
			isa = PBXContainerItemProxy;
			containerPortal = 4072221D24340E670082D857 /* Project object */;
			proxyType = 1;
			remoteGlobalIDString = 4072222424340E670082D857;
			remoteInfo = "Homeowrk 7 (actually 7)";
		};
		4072224724340E6D0082D857 /* PBXContainerItemProxy */ = {
			isa = PBXContainerItemProxy;
			containerPortal = 4072221D24340E670082D857 /* Project object */;
			proxyType = 1;
			remoteGlobalIDString = 4072222424340E670082D857;
			remoteInfo = "Homeowrk 7 (actually 7)";
		};
/* End PBXContainerItemProxy section */

/* Begin PBXFileReference section */
		4072222524340E670082D857 /* Homeowrk 7 (actually 7).app */ = {isa = PBXFileReference; explicitFileType = wrapper.application; includeInIndex = 0; path = "Homeowrk 7 (actually 7).app"; sourceTree = BUILT_PRODUCTS_DIR; };
		4072222824340E670082D857 /* AppDelegate.swift */ = {isa = PBXFileReference; lastKnownFileType = sourcecode.swift; path = AppDelegate.swift; sourceTree = "<group>"; };
		4072222A24340E670082D857 /* SceneDelegate.swift */ = {isa = PBXFileReference; lastKnownFileType = sourcecode.swift; path = SceneDelegate.swift; sourceTree = "<group>"; };
		4072222C24340E670082D857 /* ViewController.swift */ = {isa = PBXFileReference; lastKnownFileType = sourcecode.swift; path = ViewController.swift; sourceTree = "<group>"; };
		4072222F24340E670082D857 /* Base */ = {isa = PBXFileReference; lastKnownFileType = file.storyboard; name = Base; path = Base.lproj/Main.storyboard; sourceTree = "<group>"; };
		4072223124340E6D0082D857 /* Assets.xcassets */ = {isa = PBXFileReference; lastKnownFileType = folder.assetcatalog; path = Assets.xcassets; sourceTree = "<group>"; };
		4072223424340E6D0082D857 /* Base */ = {isa = PBXFileReference; lastKnownFileType = file.storyboard; name = Base; path = Base.lproj/LaunchScreen.storyboard; sourceTree = "<group>"; };
		4072223624340E6D0082D857 /* Info.plist */ = {isa = PBXFileReference; lastKnownFileType = text.plist.xml; path = Info.plist; sourceTree = "<group>"; };
		4072223B24340E6D0082D857 /* Homeowrk 7 (actually 7)Tests.xctest */ = {isa = PBXFileReference; explicitFileType = wrapper.cfbundle; includeInIndex = 0; path = "Homeowrk 7 (actually 7)Tests.xctest"; sourceTree = BUILT_PRODUCTS_DIR; };
		4072223F24340E6D0082D857 /* Homeowrk_7__actually_7_Tests.swift */ = {isa = PBXFileReference; lastKnownFileType = sourcecode.swift; path = Homeowrk_7__actually_7_Tests.swift; sourceTree = "<group>"; };
		4072224124340E6D0082D857 /* Info.plist */ = {isa = PBXFileReference; lastKnownFileType = text.plist.xml; path = Info.plist; sourceTree = "<group>"; };
		4072224624340E6D0082D857 /* Homeowrk 7 (actually 7)UITests.xctest */ = {isa = PBXFileReference; explicitFileType = wrapper.cfbundle; includeInIndex = 0; path = "Homeowrk 7 (actually 7)UITests.xctest"; sourceTree = BUILT_PRODUCTS_DIR; };
		4072224A24340E6D0082D857 /* Homeowrk_7__actually_7_UITests.swift */ = {isa = PBXFileReference; lastKnownFileType = sourcecode.swift; path = Homeowrk_7__actually_7_UITests.swift; sourceTree = "<group>"; };
		4072224C24340E6D0082D857 /* Info.plist */ = {isa = PBXFileReference; lastKnownFileType = text.plist.xml; path = Info.plist; sourceTree = "<group>"; };
/* End PBXFileReference section */

/* Begin PBXFrameworksBuildPhase section */
		4072222224340E670082D857 /* Frameworks */ = {
			isa = PBXFrameworksBuildPhase;
			buildActionMask = 2147483647;
			files = (
			);
			runOnlyForDeploymentPostprocessing = 0;
		};
		4072223824340E6D0082D857 /* Frameworks */ = {
			isa = PBXFrameworksBuildPhase;
			buildActionMask = 2147483647;
			files = (
			);
			runOnlyForDeploymentPostprocessing = 0;
		};
		4072224324340E6D0082D857 /* Frameworks */ = {
			isa = PBXFrameworksBuildPhase;
			buildActionMask = 2147483647;
			files = (
			);
			runOnlyForDeploymentPostprocessing = 0;
		};
/* End PBXFrameworksBuildPhase section */

/* Begin PBXGroup section */
		4072221C24340E670082D857 = {
			isa = PBXGroup;
			children = (
				4072222724340E670082D857 /* Homeowrk 7 (actually 7) */,
				4072223E24340E6D0082D857 /* Homeowrk 7 (actually 7)Tests */,
				4072224924340E6D0082D857 /* Homeowrk 7 (actually 7)UITests */,
				4072222624340E670082D857 /* Products */,
			);
			sourceTree = "<group>";
		};
		4072222624340E670082D857 /* Products */ = {
			isa = PBXGroup;
			children = (
				4072222524340E670082D857 /* Homeowrk 7 (actually 7).app */,
				4072223B24340E6D0082D857 /* Homeowrk 7 (actually 7)Tests.xctest */,
				4072224624340E6D0082D857 /* Homeowrk 7 (actually 7)UITests.xctest */,
			);
			name = Products;
			sourceTree = "<group>";
		};
		4072222724340E670082D857 /* Homeowrk 7 (actually 7) */ = {
			isa = PBXGroup;
			children = (
				4072222824340E670082D857 /* AppDelegate.swift */,
				4072222A24340E670082D857 /* SceneDelegate.swift */,
				4072222C24340E670082D857 /* ViewController.swift */,
				4072222E24340E670082D857 /* Main.storyboard */,
				4072223124340E6D0082D857 /* Assets.xcassets */,
				4072223324340E6D0082D857 /* LaunchScreen.storyboard */,
				4072223624340E6D0082D857 /* Info.plist */,
			);
			path = "Homeowrk 7 (actually 7)";
			sourceTree = "<group>";
		};
		4072223E24340E6D0082D857 /* Homeowrk 7 (actually 7)Tests */ = {
			isa = PBXGroup;
			children = (
				4072223F24340E6D0082D857 /* Homeowrk_7__actually_7_Tests.swift */,
				4072224124340E6D0082D857 /* Info.plist */,
			);
			path = "Homeowrk 7 (actually 7)Tests";
			sourceTree = "<group>";
		};
		4072224924340E6D0082D857 /* Homeowrk 7 (actually 7)UITests */ = {
			isa = PBXGroup;
			children = (
				4072224A24340E6D0082D857 /* Homeowrk_7__actually_7_UITests.swift */,
				4072224C24340E6D0082D857 /* Info.plist */,
			);
			path = "Homeowrk 7 (actually 7)UITests";
			sourceTree = "<group>";
		};
/* End PBXGroup section */

/* Begin PBXNativeTarget section */
		4072222424340E670082D857 /* Homeowrk 7 (actually 7) */ = {
			isa = PBXNativeTarget;
			buildConfigurationList = 4072224F24340E6D0082D857 /* Build configuration list for PBXNativeTarget "Homeowrk 7 (actually 7)" */;
			buildPhases = (
				4072222124340E670082D857 /* Sources */,
				4072222224340E670082D857 /* Frameworks */,
				4072222324340E670082D857 /* Resources */,
			);
			buildRules = (
			);
			dependencies = (
			);
			name = "Homeowrk 7 (actually 7)";
			productName = "Homeowrk 7 (actually 7)";
			productReference = 4072222524340E670082D857 /* Homeowrk 7 (actually 7).app */;
			productType = "com.apple.product-type.application";
		};
		4072223A24340E6D0082D857 /* Homeowrk 7 (actually 7)Tests */ = {
			isa = PBXNativeTarget;
			buildConfigurationList = 4072225224340E6D0082D857 /* Build configuration list for PBXNativeTarget "Homeowrk 7 (actually 7)Tests" */;
			buildPhases = (
				4072223724340E6D0082D857 /* Sources */,
				4072223824340E6D0082D857 /* Frameworks */,
				4072223924340E6D0082D857 /* Resources */,
			);
			buildRules = (
			);
			dependencies = (
				4072223D24340E6D0082D857 /* PBXTargetDependency */,
			);
			name = "Homeowrk 7 (actually 7)Tests";
			productName = "Homeowrk 7 (actually 7)Tests";
			productReference = 4072223B24340E6D0082D857 /* Homeowrk 7 (actually 7)Tests.xctest */;
			productType = "com.apple.product-type.bundle.unit-test";
		};
		4072224524340E6D0082D857 /* Homeowrk 7 (actually 7)UITests */ = {
			isa = PBXNativeTarget;
			buildConfigurationList = 4072225524340E6D0082D857 /* Build configuration list for PBXNativeTarget "Homeowrk 7 (actually 7)UITests" */;
			buildPhases = (
				4072224224340E6D0082D857 /* Sources */,
				4072224324340E6D0082D857 /* Frameworks */,
				4072224424340E6D0082D857 /* Resources */,
			);
			buildRules = (
			);
			dependencies = (
				4072224824340E6D0082D857 /* PBXTargetDependency */,
			);
			name = "Homeowrk 7 (actually 7)UITests";
			productName = "Homeowrk 7 (actually 7)UITests";
			productReference = 4072224624340E6D0082D857 /* Homeowrk 7 (actually 7)UITests.xctest */;
			productType = "com.apple.product-type.bundle.ui-testing";
		};
/* End PBXNativeTarget section */

/* Begin PBXProject section */
		4072221D24340E670082D857 /* Project object */ = {
			isa = PBXProject;
			attributes = {
				LastSwiftUpdateCheck = 1130;
				LastUpgradeCheck = 1130;
				ORGANIZATIONNAME = "Owen Sabol";
				TargetAttributes = {
					4072222424340E670082D857 = {
						CreatedOnToolsVersion = 11.3.1;
					};
					4072223A24340E6D0082D857 = {
						CreatedOnToolsVersion = 11.3.1;
						TestTargetID = 4072222424340E670082D857;
					};
					4072224524340E6D0082D857 = {
						CreatedOnToolsVersion = 11.3.1;
						TestTargetID = 4072222424340E670082D857;
					};
				};
			};
			buildConfigurationList = 4072222024340E670082D857 /* Build configuration list for PBXProject "Homeowrk 7 (actually 7)" */;
			compatibilityVersion = "Xcode 9.3";
			developmentRegion = en;
			hasScannedForEncodings = 0;
			knownRegions = (
				en,
				Base,
			);
			mainGroup = 4072221C24340E670082D857;
			productRefGroup = 4072222624340E670082D857 /* Products */;
			projectDirPath = "";
			projectRoot = "";
			targets = (
				4072222424340E670082D857 /* Homeowrk 7 (actually 7) */,
				4072223A24340E6D0082D857 /* Homeowrk 7 (actually 7)Tests */,
				4072224524340E6D0082D857 /* Homeowrk 7 (actually 7)UITests */,
			);
		};
/* End PBXProject section */

/* Begin PBXResourcesBuildPhase section */
		4072222324340E670082D857 /* Resources */ = {
			isa = PBXResourcesBuildPhase;
			buildActionMask = 2147483647;
			files = (
				4072223524340E6D0082D857 /* LaunchScreen.storyboard in Resources */,
				4072223224340E6D0082D857 /* Assets.xcassets in Resources */,
				4072223024340E670082D857 /* Main.storyboard in Resources */,
			);
			runOnlyForDeploymentPostprocessing = 0;
		};
		4072223924340E6D0082D857 /* Resources */ = {
			isa = PBXResourcesBuildPhase;
			buildActionMask = 2147483647;
			files = (
			);
			runOnlyForDeploymentPostprocessing = 0;
		};
		4072224424340E6D0082D857 /* Resources */ = {
			isa = PBXResourcesBuildPhase;
			buildActionMask = 2147483647;
			files = (
			);
			runOnlyForDeploymentPostprocessing = 0;
		};
/* End PBXResourcesBuildPhase section */

/* Begin PBXSourcesBuildPhase section */
		4072222124340E670082D857 /* Sources */ = {
			isa = PBXSourcesBuildPhase;
			buildActionMask = 2147483647;
			files = (
				4072222D24340E670082D857 /* ViewController.swift in Sources */,
				4072222924340E670082D857 /* AppDelegate.swift in Sources */,
				4072222B24340E670082D857 /* SceneDelegate.swift in Sources */,
			);
			runOnlyForDeploymentPostprocessing = 0;
		};
		4072223724340E6D0082D857 /* Sources */ = {
			isa = PBXSourcesBuildPhase;
			buildActionMask = 2147483647;
			files = (
				4072224024340E6D0082D857 /* Homeowrk_7__actually_7_Tests.swift in Sources */,
			);
			runOnlyForDeploymentPostprocessing = 0;
		};
		4072224224340E6D0082D857 /* Sources */ = {
			isa = PBXSourcesBuildPhase;
			buildActionMask = 2147483647;
			files = (
				4072224B24340E6D0082D857 /* Homeowrk_7__actually_7_UITests.swift in Sources */,
			);
			runOnlyForDeploymentPostprocessing = 0;
		};
/* End PBXSourcesBuildPhase section */

/* Begin PBXTargetDependency section */
		4072223D24340E6D0082D857 /* PBXTargetDependency */ = {
			isa = PBXTargetDependency;
			target = 4072222424340E670082D857 /* Homeowrk 7 (actually 7) */;
			targetProxy = 4072223C24340E6D0082D857 /* PBXContainerItemProxy */;
		};
		4072224824340E6D0082D857 /* PBXTargetDependency */ = {
			isa = PBXTargetDependency;
			target = 4072222424340E670082D857 /* Homeowrk 7 (actually 7) */;
			targetProxy = 4072224724340E6D0082D857 /* PBXContainerItemProxy */;
		};
/* End PBXTargetDependency section */

/* Begin PBXVariantGroup section */
		4072222E24340E670082D857 /* Main.storyboard */ = {
			isa = PBXVariantGroup;
			children = (
				4072222F24340E670082D857 /* Base */,
			);
			name = Main.storyboard;
			sourceTree = "<group>";
		};
		4072223324340E6D0082D857 /* LaunchScreen.storyboard */ = {
			isa = PBXVariantGroup;
			children = (
				4072223424340E6D0082D857 /* Base */,
			);
			name = LaunchScreen.storyboard;
			sourceTree = "<group>";
		};
/* End PBXVariantGroup section */

/* Begin XCBuildConfiguration section */
		4072224D24340E6D0082D857 /* Debug */ = {
			isa = XCBuildConfiguration;
			buildSettings = {
				ALWAYS_SEARCH_USER_PATHS = NO;
				CLANG_ANALYZER_NONNULL = YES;
				CLANG_ANALYZER_NUMBER_OBJECT_CONVERSION = YES_AGGRESSIVE;
				CLANG_CXX_LANGUAGE_STANDARD = "gnu++14";
				CLANG_CXX_LIBRARY = "libc++";
				CLANG_ENABLE_MODULES = YES;
				CLANG_ENABLE_OBJC_ARC = YES;
				CLANG_ENABLE_OBJC_WEAK = YES;
				CLANG_WARN_BLOCK_CAPTURE_AUTORELEASING = YES;
				CLANG_WARN_BOOL_CONVERSION = YES;
				CLANG_WARN_COMMA = YES;
				CLANG_WARN_CONSTANT_CONVERSION = YES;
				CLANG_WARN_DEPRECATED_OBJC_IMPLEMENTATIONS = YES;
				CLANG_WARN_DIRECT_OBJC_ISA_USAGE = YES_ERROR;
				CLANG_WARN_DOCUMENTATION_COMMENTS = YES;
				CLANG_WARN_EMPTY_BODY = YES;
				CLANG_WARN_ENUM_CONVERSION = YES;
				CLANG_WARN_INFINITE_RECURSION = YES;
				CLANG_WARN_INT_CONVERSION = YES;
				CLANG_WARN_NON_LITERAL_NULL_CONVERSION = YES;
				CLANG_WARN_OBJC_IMPLICIT_RETAIN_SELF = YES;
				CLANG_WARN_OBJC_LITERAL_CONVERSION = YES;
				CLANG_WARN_OBJC_ROOT_CLASS = YES_ERROR;
				CLANG_WARN_RANGE_LOOP_ANALYSIS = YES;
				CLANG_WARN_STRICT_PROTOTYPES = YES;
				CLANG_WARN_SUSPICIOUS_MOVE = YES;
				CLANG_WARN_UNGUARDED_AVAILABILITY = YES_AGGRESSIVE;
				CLANG_WARN_UNREACHABLE_CODE = YES;
				CLANG_WARN__DUPLICATE_METHOD_MATCH = YES;
				COPY_PHASE_STRIP = NO;
				DEBUG_INFORMATION_FORMAT = dwarf;
				ENABLE_STRICT_OBJC_MSGSEND = YES;
				ENABLE_TESTABILITY = YES;
				GCC_C_LANGUAGE_STANDARD = gnu11;
				GCC_DYNAMIC_NO_PIC = NO;
				GCC_NO_COMMON_BLOCKS = YES;
				GCC_OPTIMIZATION_LEVEL = 0;
				GCC_PREPROCESSOR_DEFINITIONS = (
					"DEBUG=1",
					"$(inherited)",
				);
				GCC_WARN_64_TO_32_BIT_CONVERSION = YES;
				GCC_WARN_ABOUT_RETURN_TYPE = YES_ERROR;
				GCC_WARN_UNDECLARED_SELECTOR = YES;
				GCC_WARN_UNINITIALIZED_AUTOS = YES_AGGRESSIVE;
				GCC_WARN_UNUSED_FUNCTION = YES;
				GCC_WARN_UNUSED_VARIABLE = YES;
				IPHONEOS_DEPLOYMENT_TARGET = 13.2;
				MTL_ENABLE_DEBUG_INFO = INCLUDE_SOURCE;
				MTL_FAST_MATH = YES;
				ONLY_ACTIVE_ARCH = YES;
				SDKROOT = iphoneos;
				SWIFT_ACTIVE_COMPILATION_CONDITIONS = DEBUG;
				SWIFT_OPTIMIZATION_LEVEL = "-Onone";
			};
			name = Debug;
		};
		4072224E24340E6D0082D857 /* Release */ = {
			isa = XCBuildConfiguration;
			buildSettings = {
				ALWAYS_SEARCH_USER_PATHS = NO;
				CLANG_ANALYZER_NONNULL = YES;
				CLANG_ANALYZER_NUMBER_OBJECT_CONVERSION = YES_AGGRESSIVE;
				CLANG_CXX_LANGUAGE_STANDARD = "gnu++14";
				CLANG_CXX_LIBRARY = "libc++";
				CLANG_ENABLE_MODULES = YES;
				CLANG_ENABLE_OBJC_ARC = YES;
				CLANG_ENABLE_OBJC_WEAK = YES;
				CLANG_WARN_BLOCK_CAPTURE_AUTORELEASING = YES;
				CLANG_WARN_BOOL_CONVERSION = YES;
				CLANG_WARN_COMMA = YES;
				CLANG_WARN_CONSTANT_CONVERSION = YES;
				CLANG_WARN_DEPRECATED_OBJC_IMPLEMENTATIONS = YES;
				CLANG_WARN_DIRECT_OBJC_ISA_USAGE = YES_ERROR;
				CLANG_WARN_DOCUMENTATION_COMMENTS = YES;
				CLANG_WARN_EMPTY_BODY = YES;
				CLANG_WARN_ENUM_CONVERSION = YES;
				CLANG_WARN_INFINITE_RECURSION = YES;
				CLANG_WARN_INT_CONVERSION = YES;
				CLANG_WARN_NON_LITERAL_NULL_CONVERSION = YES;
				CLANG_WARN_OBJC_IMPLICIT_RETAIN_SELF = YES;
				CLANG_WARN_OBJC_LITERAL_CONVERSION = YES;
				CLANG_WARN_OBJC_ROOT_CLASS = YES_ERROR;
				CLANG_WARN_RANGE_LOOP_ANALYSIS = YES;
				CLANG_WARN_STRICT_PROTOTYPES = YES;
				CLANG_WARN_SUSPICIOUS_MOVE = YES;
				CLANG_WARN_UNGUARDED_AVAILABILITY = YES_AGGRESSIVE;
				CLANG_WARN_UNREACHABLE_CODE = YES;
				CLANG_WARN__DUPLICATE_METHOD_MATCH = YES;
				COPY_PHASE_STRIP = NO;
				DEBUG_INFORMATION_FORMAT = "dwarf-with-dsym";
				ENABLE_NS_ASSERTIONS = NO;
				ENABLE_STRICT_OBJC_MSGSEND = YES;
				GCC_C_LANGUAGE_STANDARD = gnu11;
				GCC_NO_COMMON_BLOCKS = YES;
				GCC_WARN_64_TO_32_BIT_CONVERSION = YES;
				GCC_WARN_ABOUT_RETURN_TYPE = YES_ERROR;
				GCC_WARN_UNDECLARED_SELECTOR = YES;
				GCC_WARN_UNINITIALIZED_AUTOS = YES_AGGRESSIVE;
				GCC_WARN_UNUSED_FUNCTION = YES;
				GCC_WARN_UNUSED_VARIABLE = YES;
				IPHONEOS_DEPLOYMENT_TARGET = 13.2;
				MTL_ENABLE_DEBUG_INFO = NO;
				MTL_FAST_MATH = YES;
				SDKROOT = iphoneos;
				SWIFT_COMPILATION_MODE = wholemodule;
				SWIFT_OPTIMIZATION_LEVEL = "-O";
				VALIDATE_PRODUCT = YES;
			};
			name = Release;
		};
		4072225024340E6D0082D857 /* Debug */ = {
			isa = XCBuildConfiguration;
			buildSettings = {
				ASSETCATALOG_COMPILER_APPICON_NAME = AppIcon;
				CODE_SIGN_STYLE = Automatic;
				INFOPLIST_FILE = "Homeowrk 7 (actually 7)/Info.plist";
				LD_RUNPATH_SEARCH_PATHS = (
					"$(inherited)",
					"@executable_path/Frameworks",
				);
				PRODUCT_BUNDLE_IDENTIFIER = "first-try.Homeowrk-7--actually-7-";
				PRODUCT_NAME = "$(TARGET_NAME)";
				SWIFT_VERSION = 5.0;
				TARGETED_DEVICE_FAMILY = "1,2";
			};
			name = Debug;
		};
		4072225124340E6D0082D857 /* Release */ = {
			isa = XCBuildConfiguration;
			buildSettings = {
				ASSETCATALOG_COMPILER_APPICON_NAME = AppIcon;
				CODE_SIGN_STYLE = Automatic;
				INFOPLIST_FILE = "Homeowrk 7 (actually 7)/Info.plist";
				LD_RUNPATH_SEARCH_PATHS = (
					"$(inherited)",
					"@executable_path/Frameworks",
				);
				PRODUCT_BUNDLE_IDENTIFIER = "first-try.Homeowrk-7--actually-7-";
				PRODUCT_NAME = "$(TARGET_NAME)";
				SWIFT_VERSION = 5.0;
				TARGETED_DEVICE_FAMILY = "1,2";
			};
			name = Release;
		};
		4072225324340E6D0082D857 /* Debug */ = {
			isa = XCBuildConfiguration;
			buildSettings = {
				ALWAYS_EMBED_SWIFT_STANDARD_LIBRARIES = YES;
				BUNDLE_LOADER = "$(TEST_HOST)";
				CODE_SIGN_STYLE = Automatic;
				INFOPLIST_FILE = "Homeowrk 7 (actually 7)Tests/Info.plist";
				IPHONEOS_DEPLOYMENT_TARGET = 13.2;
				LD_RUNPATH_SEARCH_PATHS = (
					"$(inherited)",
					"@executable_path/Frameworks",
					"@loader_path/Frameworks",
				);
				PRODUCT_BUNDLE_IDENTIFIER = "first-try.Homeowrk-7--actually-7-Tests";
				PRODUCT_NAME = "$(TARGET_NAME)";
				SWIFT_VERSION = 5.0;
				TARGETED_DEVICE_FAMILY = "1,2";
				TEST_HOST = "$(BUILT_PRODUCTS_DIR)/Homeowrk 7 (actually 7).app/Homeowrk 7 (actually 7)";
			};
			name = Debug;
		};
		4072225424340E6D0082D857 /* Release */ = {
			isa = XCBuildConfiguration;
			buildSettings = {
				ALWAYS_EMBED_SWIFT_STANDARD_LIBRARIES = YES;
				BUNDLE_LOADER = "$(TEST_HOST)";
				CODE_SIGN_STYLE = Automatic;
				INFOPLIST_FILE = "Homeowrk 7 (actually 7)Tests/Info.plist";
				IPHONEOS_DEPLOYMENT_TARGET = 13.2;
				LD_RUNPATH_SEARCH_PATHS = (
					"$(inherited)",
					"@executable_path/Frameworks",
					"@loader_path/Frameworks",
				);
				PRODUCT_BUNDLE_IDENTIFIER = "first-try.Homeowrk-7--actually-7-Tests";
				PRODUCT_NAME = "$(TARGET_NAME)";
				SWIFT_VERSION = 5.0;
				TARGETED_DEVICE_FAMILY = "1,2";
				TEST_HOST = "$(BUILT_PRODUCTS_DIR)/Homeowrk 7 (actually 7).app/Homeowrk 7 (actually 7)";
			};
			name = Release;
		};
		4072225624340E6D0082D857 /* Debug */ = {
			isa = XCBuildConfiguration;
			buildSettings = {
				ALWAYS_EMBED_SWIFT_STANDARD_LIBRARIES = YES;
				CODE_SIGN_STYLE = Automatic;
				INFOPLIST_FILE = "Homeowrk 7 (actually 7)UITests/Info.plist";
				LD_RUNPATH_SEARCH_PATHS = (
					"$(inherited)",
					"@executable_path/Frameworks",
					"@loader_path/Frameworks",
				);
				PRODUCT_BUNDLE_IDENTIFIER = "first-try.Homeowrk-7--actually-7-UITests";
				PRODUCT_NAME = "$(TARGET_NAME)";
				SWIFT_VERSION = 5.0;
				TARGETED_DEVICE_FAMILY = "1,2";
				TEST_TARGET_NAME = "Homeowrk 7 (actually 7)";
			};
			name = Debug;
		};
		4072225724340E6D0082D857 /* Release */ = {
			isa = XCBuildConfiguration;
			buildSettings = {
				ALWAYS_EMBED_SWIFT_STANDARD_LIBRARIES = YES;
				CODE_SIGN_STYLE = Automatic;
				INFOPLIST_FILE = "Homeowrk 7 (actually 7)UITests/Info.plist";
				LD_RUNPATH_SEARCH_PATHS = (
					"$(inherited)",
					"@executable_path/Frameworks",
					"@loader_path/Frameworks",
				);
				PRODUCT_BUNDLE_IDENTIFIER = "first-try.Homeowrk-7--actually-7-UITests";
				PRODUCT_NAME = "$(TARGET_NAME)";
				SWIFT_VERSION = 5.0;
				TARGETED_DEVICE_FAMILY = "1,2";
				TEST_TARGET_NAME = "Homeowrk 7 (actually 7)";
			};
			name = Release;
		};
/* End XCBuildConfiguration section */

/* Begin XCConfigurationList section */
		4072222024340E670082D857 /* Build configuration list for PBXProject "Homeowrk 7 (actually 7)" */ = {
			isa = XCConfigurationList;
			buildConfigurations = (
				4072224D24340E6D0082D857 /* Debug */,
				4072224E24340E6D0082D857 /* Release */,
			);
			defaultConfigurationIsVisible = 0;
			defaultConfigurationName = Release;
		};
		4072224F24340E6D0082D857 /* Build configuration list for PBXNativeTarget "Homeowrk 7 (actually 7)" */ = {
			isa = XCConfigurationList;
			buildConfigurations = (
				4072225024340E6D0082D857 /* Debug */,
				4072225124340E6D0082D857 /* Release */,
			);
			defaultConfigurationIsVisible = 0;
			defaultConfigurationName = Release;
		};
		4072225224340E6D0082D857 /* Build configuration list for PBXNativeTarget "Homeowrk 7 (actually 7)Tests" */ = {
			isa = XCConfigurationList;
			buildConfigurations = (
				4072225324340E6D0082D857 /* Debug */,
				4072225424340E6D0082D857 /* Release */,
			);
			defaultConfigurationIsVisible = 0;
			defaultConfigurationName = Release;
		};
		4072225524340E6D0082D857 /* Build configuration list for PBXNativeTarget "Homeowrk 7 (actually 7)UITests" */ = {
			isa = XCConfigurationList;
			buildConfigurations = (
				4072225624340E6D0082D857 /* Debug */,
				4072225724340E6D0082D857 /* Release */,
			);
			defaultConfigurationIsVisible = 0;
			defaultConfigurationName = Release;
		};
/* End XCConfigurationList section */
	};
	rootObject = 4072221D24340E670082D857 /* Project object */;
}
