// !$*UTF8*$!
{
	archiveVersion = 1;
	classes = {
	};
	objectVersion = 50;
	objects = {

/* Begin PBXBuildFile section */
		407221332422F8E20082D857 /* AppDelegate.swift in Sources */ = {isa = PBXBuildFile; fileRef = 407221322422F8E20082D857 /* AppDelegate.swift */; };
		407221352422F8E20082D857 /* SceneDelegate.swift in Sources */ = {isa = PBXBuildFile; fileRef = 407221342422F8E20082D857 /* SceneDelegate.swift */; };
		407221372422F8E20082D857 /* ViewController.swift in Sources */ = {isa = PBXBuildFile; fileRef = 407221362422F8E20082D857 /* ViewController.swift */; };
		4072213A2422F8E20082D857 /* Main.storyboard in Resources */ = {isa = PBXBuildFile; fileRef = 407221382422F8E20082D857 /* Main.storyboard */; };
		4072213C2422F8E80082D857 /* Assets.xcassets in Resources */ = {isa = PBXBuildFile; fileRef = 4072213B2422F8E80082D857 /* Assets.xcassets */; };
		4072213F2422F8E80082D857 /* LaunchScreen.storyboard in Resources */ = {isa = PBXBuildFile; fileRef = 4072213D2422F8E80082D857 /* LaunchScreen.storyboard */; };
		4072214A2422F8E80082D857 /* Homework_3Tests.swift in Sources */ = {isa = PBXBuildFile; fileRef = 407221492422F8E80082D857 /* Homework_3Tests.swift */; };
		407221552422F8E80082D857 /* Homework_3UITests.swift in Sources */ = {isa = PBXBuildFile; fileRef = 407221542422F8E80082D857 /* Homework_3UITests.swift */; };
/* End PBXBuildFile section */

/* Begin PBXContainerItemProxy section */
		407221462422F8E80082D857 /* PBXContainerItemProxy */ = {
			isa = PBXContainerItemProxy;
			containerPortal = 407221272422F8E20082D857 /* Project object */;
			proxyType = 1;
			remoteGlobalIDString = 4072212E2422F8E20082D857;
			remoteInfo = "Homework 3";
		};
		407221512422F8E80082D857 /* PBXContainerItemProxy */ = {
			isa = PBXContainerItemProxy;
			containerPortal = 407221272422F8E20082D857 /* Project object */;
			proxyType = 1;
			remoteGlobalIDString = 4072212E2422F8E20082D857;
			remoteInfo = "Homework 3";
		};
/* End PBXContainerItemProxy section */

/* Begin PBXFileReference section */
		4072212F2422F8E20082D857 /* Homework 3.app */ = {isa = PBXFileReference; explicitFileType = wrapper.application; includeInIndex = 0; path = "Homework 3.app"; sourceTree = BUILT_PRODUCTS_DIR; };
		407221322422F8E20082D857 /* AppDelegate.swift */ = {isa = PBXFileReference; lastKnownFileType = sourcecode.swift; path = AppDelegate.swift; sourceTree = "<group>"; };
		407221342422F8E20082D857 /* SceneDelegate.swift */ = {isa = PBXFileReference; lastKnownFileType = sourcecode.swift; path = SceneDelegate.swift; sourceTree = "<group>"; };
		407221362422F8E20082D857 /* ViewController.swift */ = {isa = PBXFileReference; lastKnownFileType = sourcecode.swift; path = ViewController.swift; sourceTree = "<group>"; };
		407221392422F8E20082D857 /* Base */ = {isa = PBXFileReference; lastKnownFileType = file.storyboard; name = Base; path = Base.lproj/Main.storyboard; sourceTree = "<group>"; };
		4072213B2422F8E80082D857 /* Assets.xcassets */ = {isa = PBXFileReference; lastKnownFileType = folder.assetcatalog; path = Assets.xcassets; sourceTree = "<group>"; };
		4072213E2422F8E80082D857 /* Base */ = {isa = PBXFileReference; lastKnownFileType = file.storyboard; name = Base; path = Base.lproj/LaunchScreen.storyboard; sourceTree = "<group>"; };
		407221402422F8E80082D857 /* Info.plist */ = {isa = PBXFileReference; lastKnownFileType = text.plist.xml; path = Info.plist; sourceTree = "<group>"; };
		407221452422F8E80082D857 /* Homework 3Tests.xctest */ = {isa = PBXFileReference; explicitFileType = wrapper.cfbundle; includeInIndex = 0; path = "Homework 3Tests.xctest"; sourceTree = BUILT_PRODUCTS_DIR; };
		407221492422F8E80082D857 /* Homework_3Tests.swift */ = {isa = PBXFileReference; lastKnownFileType = sourcecode.swift; path = Homework_3Tests.swift; sourceTree = "<group>"; };
		4072214B2422F8E80082D857 /* Info.plist */ = {isa = PBXFileReference; lastKnownFileType = text.plist.xml; path = Info.plist; sourceTree = "<group>"; };
		407221502422F8E80082D857 /* Homework 3UITests.xctest */ = {isa = PBXFileReference; explicitFileType = wrapper.cfbundle; includeInIndex = 0; path = "Homework 3UITests.xctest"; sourceTree = BUILT_PRODUCTS_DIR; };
		407221542422F8E80082D857 /* Homework_3UITests.swift */ = {isa = PBXFileReference; lastKnownFileType = sourcecode.swift; path = Homework_3UITests.swift; sourceTree = "<group>"; };
		407221562422F8E80082D857 /* Info.plist */ = {isa = PBXFileReference; lastKnownFileType = text.plist.xml; path = Info.plist; sourceTree = "<group>"; };
/* End PBXFileReference section */

/* Begin PBXFrameworksBuildPhase section */
		4072212C2422F8E20082D857 /* Frameworks */ = {
			isa = PBXFrameworksBuildPhase;
			buildActionMask = 2147483647;
			files = (
			);
			runOnlyForDeploymentPostprocessing = 0;
		};
		407221422422F8E80082D857 /* Frameworks */ = {
			isa = PBXFrameworksBuildPhase;
			buildActionMask = 2147483647;
			files = (
			);
			runOnlyForDeploymentPostprocessing = 0;
		};
		4072214D2422F8E80082D857 /* Frameworks */ = {
			isa = PBXFrameworksBuildPhase;
			buildActionMask = 2147483647;
			files = (
			);
			runOnlyForDeploymentPostprocessing = 0;
		};
/* End PBXFrameworksBuildPhase section */

/* Begin PBXGroup section */
		407221262422F8E20082D857 = {
			isa = PBXGroup;
			children = (
				407221312422F8E20082D857 /* Homework 3 */,
				407221482422F8E80082D857 /* Homework 3Tests */,
				407221532422F8E80082D857 /* Homework 3UITests */,
				407221302422F8E20082D857 /* Products */,
			);
			sourceTree = "<group>";
		};
		407221302422F8E20082D857 /* Products */ = {
			isa = PBXGroup;
			children = (
				4072212F2422F8E20082D857 /* Homework 3.app */,
				407221452422F8E80082D857 /* Homework 3Tests.xctest */,
				407221502422F8E80082D857 /* Homework 3UITests.xctest */,
			);
			name = Products;
			sourceTree = "<group>";
		};
		407221312422F8E20082D857 /* Homework 3 */ = {
			isa = PBXGroup;
			children = (
				407221322422F8E20082D857 /* AppDelegate.swift */,
				407221342422F8E20082D857 /* SceneDelegate.swift */,
				407221362422F8E20082D857 /* ViewController.swift */,
				407221382422F8E20082D857 /* Main.storyboard */,
				4072213B2422F8E80082D857 /* Assets.xcassets */,
				4072213D2422F8E80082D857 /* LaunchScreen.storyboard */,
				407221402422F8E80082D857 /* Info.plist */,
			);
			path = "Homework 3";
			sourceTree = "<group>";
		};
		407221482422F8E80082D857 /* Homework 3Tests */ = {
			isa = PBXGroup;
			children = (
				407221492422F8E80082D857 /* Homework_3Tests.swift */,
				4072214B2422F8E80082D857 /* Info.plist */,
			);
			path = "Homework 3Tests";
			sourceTree = "<group>";
		};
		407221532422F8E80082D857 /* Homework 3UITests */ = {
			isa = PBXGroup;
			children = (
				407221542422F8E80082D857 /* Homework_3UITests.swift */,
				407221562422F8E80082D857 /* Info.plist */,
			);
			path = "Homework 3UITests";
			sourceTree = "<group>";
		};
/* End PBXGroup section */

/* Begin PBXNativeTarget section */
		4072212E2422F8E20082D857 /* Homework 3 */ = {
			isa = PBXNativeTarget;
			buildConfigurationList = 407221592422F8E80082D857 /* Build configuration list for PBXNativeTarget "Homework 3" */;
			buildPhases = (
				4072212B2422F8E20082D857 /* Sources */,
				4072212C2422F8E20082D857 /* Frameworks */,
				4072212D2422F8E20082D857 /* Resources */,
			);
			buildRules = (
			);
			dependencies = (
			);
			name = "Homework 3";
			productName = "Homework 3";
			productReference = 4072212F2422F8E20082D857 /* Homework 3.app */;
			productType = "com.apple.product-type.application";
		};
		407221442422F8E80082D857 /* Homework 3Tests */ = {
			isa = PBXNativeTarget;
			buildConfigurationList = 4072215C2422F8E80082D857 /* Build configuration list for PBXNativeTarget "Homework 3Tests" */;
			buildPhases = (
				407221412422F8E80082D857 /* Sources */,
				407221422422F8E80082D857 /* Frameworks */,
				407221432422F8E80082D857 /* Resources */,
			);
			buildRules = (
			);
			dependencies = (
				407221472422F8E80082D857 /* PBXTargetDependency */,
			);
			name = "Homework 3Tests";
			productName = "Homework 3Tests";
			productReference = 407221452422F8E80082D857 /* Homework 3Tests.xctest */;
			productType = "com.apple.product-type.bundle.unit-test";
		};
		4072214F2422F8E80082D857 /* Homework 3UITests */ = {
			isa = PBXNativeTarget;
			buildConfigurationList = 4072215F2422F8E80082D857 /* Build configuration list for PBXNativeTarget "Homework 3UITests" */;
			buildPhases = (
				4072214C2422F8E80082D857 /* Sources */,
				4072214D2422F8E80082D857 /* Frameworks */,
				4072214E2422F8E80082D857 /* Resources */,
			);
			buildRules = (
			);
			dependencies = (
				407221522422F8E80082D857 /* PBXTargetDependency */,
			);
			name = "Homework 3UITests";
			productName = "Homework 3UITests";
			productReference = 407221502422F8E80082D857 /* Homework 3UITests.xctest */;
			productType = "com.apple.product-type.bundle.ui-testing";
		};
/* End PBXNativeTarget section */

/* Begin PBXProject section */
		407221272422F8E20082D857 /* Project object */ = {
			isa = PBXProject;
			attributes = {
				LastSwiftUpdateCheck = 1130;
				LastUpgradeCheck = 1130;
				ORGANIZATIONNAME = "Owen Sabol";
				TargetAttributes = {
					4072212E2422F8E20082D857 = {
						CreatedOnToolsVersion = 11.3.1;
					};
					407221442422F8E80082D857 = {
						CreatedOnToolsVersion = 11.3.1;
						TestTargetID = 4072212E2422F8E20082D857;
					};
					4072214F2422F8E80082D857 = {
						CreatedOnToolsVersion = 11.3.1;
						TestTargetID = 4072212E2422F8E20082D857;
					};
				};
			};
			buildConfigurationList = 4072212A2422F8E20082D857 /* Build configuration list for PBXProject "Homework 3" */;
			compatibilityVersion = "Xcode 9.3";
			developmentRegion = en;
			hasScannedForEncodings = 0;
			knownRegions = (
				en,
				Base,
			);
			mainGroup = 407221262422F8E20082D857;
			productRefGroup = 407221302422F8E20082D857 /* Products */;
			projectDirPath = "";
			projectRoot = "";
			targets = (
				4072212E2422F8E20082D857 /* Homework 3 */,
				407221442422F8E80082D857 /* Homework 3Tests */,
				4072214F2422F8E80082D857 /* Homework 3UITests */,
			);
		};
/* End PBXProject section */

/* Begin PBXResourcesBuildPhase section */
		4072212D2422F8E20082D857 /* Resources */ = {
			isa = PBXResourcesBuildPhase;
			buildActionMask = 2147483647;
			files = (
				4072213F2422F8E80082D857 /* LaunchScreen.storyboard in Resources */,
				4072213C2422F8E80082D857 /* Assets.xcassets in Resources */,
				4072213A2422F8E20082D857 /* Main.storyboard in Resources */,
			);
			runOnlyForDeploymentPostprocessing = 0;
		};
		407221432422F8E80082D857 /* Resources */ = {
			isa = PBXResourcesBuildPhase;
			buildActionMask = 2147483647;
			files = (
			);
			runOnlyForDeploymentPostprocessing = 0;
		};
		4072214E2422F8E80082D857 /* Resources */ = {
			isa = PBXResourcesBuildPhase;
			buildActionMask = 2147483647;
			files = (
			);
			runOnlyForDeploymentPostprocessing = 0;
		};
/* End PBXResourcesBuildPhase section */

/* Begin PBXSourcesBuildPhase section */
		4072212B2422F8E20082D857 /* Sources */ = {
			isa = PBXSourcesBuildPhase;
			buildActionMask = 2147483647;
			files = (
				407221372422F8E20082D857 /* ViewController.swift in Sources */,
				407221332422F8E20082D857 /* AppDelegate.swift in Sources */,
				407221352422F8E20082D857 /* SceneDelegate.swift in Sources */,
			);
			runOnlyForDeploymentPostprocessing = 0;
		};
		407221412422F8E80082D857 /* Sources */ = {
			isa = PBXSourcesBuildPhase;
			buildActionMask = 2147483647;
			files = (
				4072214A2422F8E80082D857 /* Homework_3Tests.swift in Sources */,
			);
			runOnlyForDeploymentPostprocessing = 0;
		};
		4072214C2422F8E80082D857 /* Sources */ = {
			isa = PBXSourcesBuildPhase;
			buildActionMask = 2147483647;
			files = (
				407221552422F8E80082D857 /* Homework_3UITests.swift in Sources */,
			);
			runOnlyForDeploymentPostprocessing = 0;
		};
/* End PBXSourcesBuildPhase section */

/* Begin PBXTargetDependency section */
		407221472422F8E80082D857 /* PBXTargetDependency */ = {
			isa = PBXTargetDependency;
			target = 4072212E2422F8E20082D857 /* Homework 3 */;
			targetProxy = 407221462422F8E80082D857 /* PBXContainerItemProxy */;
		};
		407221522422F8E80082D857 /* PBXTargetDependency */ = {
			isa = PBXTargetDependency;
			target = 4072212E2422F8E20082D857 /* Homework 3 */;
			targetProxy = 407221512422F8E80082D857 /* PBXContainerItemProxy */;
		};
/* End PBXTargetDependency section */

/* Begin PBXVariantGroup section */
		407221382422F8E20082D857 /* Main.storyboard */ = {
			isa = PBXVariantGroup;
			children = (
				407221392422F8E20082D857 /* Base */,
			);
			name = Main.storyboard;
			sourceTree = "<group>";
		};
		4072213D2422F8E80082D857 /* LaunchScreen.storyboard */ = {
			isa = PBXVariantGroup;
			children = (
				4072213E2422F8E80082D857 /* Base */,
			);
			name = LaunchScreen.storyboard;
			sourceTree = "<group>";
		};
/* End PBXVariantGroup section */

/* Begin XCBuildConfiguration section */
		407221572422F8E80082D857 /* Debug */ = {
			isa = XCBuildConfiguration;
			buildSettings = {
				ALWAYS_SEARCH_USER_PATHS = NO;
				CLANG_ANALYZER_NONNULL = YES;
				CLANG_ANALYZER_NUMBER_OBJECT_CONVERSION = YES_AGGRESSIVE;
				CLANG_CXX_LANGUAGE_STANDARD = "gnu++14";
				CLANG_CXX_LIBRARY = "libc++";
				CLANG_ENABLE_MODULES = YES;
				CLANG_ENABLE_OBJC_ARC = YES;
				CLANG_ENABLE_OBJC_WEAK = YES;
				CLANG_WARN_BLOCK_CAPTURE_AUTORELEASING = YES;
				CLANG_WARN_BOOL_CONVERSION = YES;
				CLANG_WARN_COMMA = YES;
				CLANG_WARN_CONSTANT_CONVERSION = YES;
				CLANG_WARN_DEPRECATED_OBJC_IMPLEMENTATIONS = YES;
				CLANG_WARN_DIRECT_OBJC_ISA_USAGE = YES_ERROR;
				CLANG_WARN_DOCUMENTATION_COMMENTS = YES;
				CLANG_WARN_EMPTY_BODY = YES;
				CLANG_WARN_ENUM_CONVERSION = YES;
				CLANG_WARN_INFINITE_RECURSION = YES;
				CLANG_WARN_INT_CONVERSION = YES;
				CLANG_WARN_NON_LITERAL_NULL_CONVERSION = YES;
				CLANG_WARN_OBJC_IMPLICIT_RETAIN_SELF = YES;
				CLANG_WARN_OBJC_LITERAL_CONVERSION = YES;
				CLANG_WARN_OBJC_ROOT_CLASS = YES_ERROR;
				CLANG_WARN_RANGE_LOOP_ANALYSIS = YES;
				CLANG_WARN_STRICT_PROTOTYPES = YES;
				CLANG_WARN_SUSPICIOUS_MOVE = YES;
				CLANG_WARN_UNGUARDED_AVAILABILITY = YES_AGGRESSIVE;
				CLANG_WARN_UNREACHABLE_CODE = YES;
				CLANG_WARN__DUPLICATE_METHOD_MATCH = YES;
				COPY_PHASE_STRIP = NO;
				DEBUG_INFORMATION_FORMAT = dwarf;
				ENABLE_STRICT_OBJC_MSGSEND = YES;
				ENABLE_TESTABILITY = YES;
				GCC_C_LANGUAGE_STANDARD = gnu11;
				GCC_DYNAMIC_NO_PIC = NO;
				GCC_NO_COMMON_BLOCKS = YES;
				GCC_OPTIMIZATION_LEVEL = 0;
				GCC_PREPROCESSOR_DEFINITIONS = (
					"DEBUG=1",
					"$(inherited)",
				);
				GCC_WARN_64_TO_32_BIT_CONVERSION = YES;
				GCC_WARN_ABOUT_RETURN_TYPE = YES_ERROR;
				GCC_WARN_UNDECLARED_SELECTOR = YES;
				GCC_WARN_UNINITIALIZED_AUTOS = YES_AGGRESSIVE;
				GCC_WARN_UNUSED_FUNCTION = YES;
				GCC_WARN_UNUSED_VARIABLE = YES;
				IPHONEOS_DEPLOYMENT_TARGET = 13.2;
				MTL_ENABLE_DEBUG_INFO = INCLUDE_SOURCE;
				MTL_FAST_MATH = YES;
				ONLY_ACTIVE_ARCH = YES;
				SDKROOT = iphoneos;
				SWIFT_ACTIVE_COMPILATION_CONDITIONS = DEBUG;
				SWIFT_OPTIMIZATION_LEVEL = "-Onone";
			};
			name = Debug;
		};
		407221582422F8E80082D857 /* Release */ = {
			isa = XCBuildConfiguration;
			buildSettings = {
				ALWAYS_SEARCH_USER_PATHS = NO;
				CLANG_ANALYZER_NONNULL = YES;
				CLANG_ANALYZER_NUMBER_OBJECT_CONVERSION = YES_AGGRESSIVE;
				CLANG_CXX_LANGUAGE_STANDARD = "gnu++14";
				CLANG_CXX_LIBRARY = "libc++";
				CLANG_ENABLE_MODULES = YES;
				CLANG_ENABLE_OBJC_ARC = YES;
				CLANG_ENABLE_OBJC_WEAK = YES;
				CLANG_WARN_BLOCK_CAPTURE_AUTORELEASING = YES;
				CLANG_WARN_BOOL_CONVERSION = YES;
				CLANG_WARN_COMMA = YES;
				CLANG_WARN_CONSTANT_CONVERSION = YES;
				CLANG_WARN_DEPRECATED_OBJC_IMPLEMENTATIONS = YES;
				CLANG_WARN_DIRECT_OBJC_ISA_USAGE = YES_ERROR;
				CLANG_WARN_DOCUMENTATION_COMMENTS = YES;
				CLANG_WARN_EMPTY_BODY = YES;
				CLANG_WARN_ENUM_CONVERSION = YES;
				CLANG_WARN_INFINITE_RECURSION = YES;
				CLANG_WARN_INT_CONVERSION = YES;
				CLANG_WARN_NON_LITERAL_NULL_CONVERSION = YES;
				CLANG_WARN_OBJC_IMPLICIT_RETAIN_SELF = YES;
				CLANG_WARN_OBJC_LITERAL_CONVERSION = YES;
				CLANG_WARN_OBJC_ROOT_CLASS = YES_ERROR;
				CLANG_WARN_RANGE_LOOP_ANALYSIS = YES;
				CLANG_WARN_STRICT_PROTOTYPES = YES;
				CLANG_WARN_SUSPICIOUS_MOVE = YES;
				CLANG_WARN_UNGUARDED_AVAILABILITY = YES_AGGRESSIVE;
				CLANG_WARN_UNREACHABLE_CODE = YES;
				CLANG_WARN__DUPLICATE_METHOD_MATCH = YES;
				COPY_PHASE_STRIP = NO;
				DEBUG_INFORMATION_FORMAT = "dwarf-with-dsym";
				ENABLE_NS_ASSERTIONS = NO;
				ENABLE_STRICT_OBJC_MSGSEND = YES;
				GCC_C_LANGUAGE_STANDARD = gnu11;
				GCC_NO_COMMON_BLOCKS = YES;
				GCC_WARN_64_TO_32_BIT_CONVERSION = YES;
				GCC_WARN_ABOUT_RETURN_TYPE = YES_ERROR;
				GCC_WARN_UNDECLARED_SELECTOR = YES;
				GCC_WARN_UNINITIALIZED_AUTOS = YES_AGGRESSIVE;
				GCC_WARN_UNUSED_FUNCTION = YES;
				GCC_WARN_UNUSED_VARIABLE = YES;
				IPHONEOS_DEPLOYMENT_TARGET = 13.2;
				MTL_ENABLE_DEBUG_INFO = NO;
				MTL_FAST_MATH = YES;
				SDKROOT = iphoneos;
				SWIFT_COMPILATION_MODE = wholemodule;
				SWIFT_OPTIMIZATION_LEVEL = "-O";
				VALIDATE_PRODUCT = YES;
			};
			name = Release;
		};
		4072215A2422F8E80082D857 /* Debug */ = {
			isa = XCBuildConfiguration;
			buildSettings = {
				ASSETCATALOG_COMPILER_APPICON_NAME = AppIcon;
				CODE_SIGN_STYLE = Automatic;
				INFOPLIST_FILE = "Homework 3/Info.plist";
				LD_RUNPATH_SEARCH_PATHS = (
					"$(inherited)",
					"@executable_path/Frameworks",
				);
				PRODUCT_BUNDLE_IDENTIFIER = "first-try.Homework-3";
				PRODUCT_NAME = "$(TARGET_NAME)";
				SWIFT_VERSION = 5.0;
				TARGETED_DEVICE_FAMILY = "1,2";
			};
			name = Debug;
		};
		4072215B2422F8E80082D857 /* Release */ = {
			isa = XCBuildConfiguration;
			buildSettings = {
				ASSETCATALOG_COMPILER_APPICON_NAME = AppIcon;
				CODE_SIGN_STYLE = Automatic;
				INFOPLIST_FILE = "Homework 3/Info.plist";
				LD_RUNPATH_SEARCH_PATHS = (
					"$(inherited)",
					"@executable_path/Frameworks",
				);
				PRODUCT_BUNDLE_IDENTIFIER = "first-try.Homework-3";
				PRODUCT_NAME = "$(TARGET_NAME)";
				SWIFT_VERSION = 5.0;
				TARGETED_DEVICE_FAMILY = "1,2";
			};
			name = Release;
		};
		4072215D2422F8E80082D857 /* Debug */ = {
			isa = XCBuildConfiguration;
			buildSettings = {
				ALWAYS_EMBED_SWIFT_STANDARD_LIBRARIES = YES;
				BUNDLE_LOADER = "$(TEST_HOST)";
				CODE_SIGN_STYLE = Automatic;
				INFOPLIST_FILE = "Homework 3Tests/Info.plist";
				IPHONEOS_DEPLOYMENT_TARGET = 13.2;
				LD_RUNPATH_SEARCH_PATHS = (
					"$(inherited)",
					"@executable_path/Frameworks",
					"@loader_path/Frameworks",
				);
				PRODUCT_BUNDLE_IDENTIFIER = "first-try.Homework-3Tests";
				PRODUCT_NAME = "$(TARGET_NAME)";
				SWIFT_VERSION = 5.0;
				TARGETED_DEVICE_FAMILY = "1,2";
				TEST_HOST = "$(BUILT_PRODUCTS_DIR)/Homework 3.app/Homework 3";
			};
			name = Debug;
		};
		4072215E2422F8E80082D857 /* Release */ = {
			isa = XCBuildConfiguration;
			buildSettings = {
				ALWAYS_EMBED_SWIFT_STANDARD_LIBRARIES = YES;
				BUNDLE_LOADER = "$(TEST_HOST)";
				CODE_SIGN_STYLE = Automatic;
				INFOPLIST_FILE = "Homework 3Tests/Info.plist";
				IPHONEOS_DEPLOYMENT_TARGET = 13.2;
				LD_RUNPATH_SEARCH_PATHS = (
					"$(inherited)",
					"@executable_path/Frameworks",
					"@loader_path/Frameworks",
				);
				PRODUCT_BUNDLE_IDENTIFIER = "first-try.Homework-3Tests";
				PRODUCT_NAME = "$(TARGET_NAME)";
				SWIFT_VERSION = 5.0;
				TARGETED_DEVICE_FAMILY = "1,2";
				TEST_HOST = "$(BUILT_PRODUCTS_DIR)/Homework 3.app/Homework 3";
			};
			name = Release;
		};
		407221602422F8E80082D857 /* Debug */ = {
			isa = XCBuildConfiguration;
			buildSettings = {
				ALWAYS_EMBED_SWIFT_STANDARD_LIBRARIES = YES;
				CODE_SIGN_STYLE = Automatic;
				INFOPLIST_FILE = "Homework 3UITests/Info.plist";
				LD_RUNPATH_SEARCH_PATHS = (
					"$(inherited)",
					"@executable_path/Frameworks",
					"@loader_path/Frameworks",
				);
				PRODUCT_BUNDLE_IDENTIFIER = "first-try.Homework-3UITests";
				PRODUCT_NAME = "$(TARGET_NAME)";
				SWIFT_VERSION = 5.0;
				TARGETED_DEVICE_FAMILY = "1,2";
				TEST_TARGET_NAME = "Homework 3";
			};
			name = Debug;
		};
		407221612422F8E80082D857 /* Release */ = {
			isa = XCBuildConfiguration;
			buildSettings = {
				ALWAYS_EMBED_SWIFT_STANDARD_LIBRARIES = YES;
				CODE_SIGN_STYLE = Automatic;
				INFOPLIST_FILE = "Homework 3UITests/Info.plist";
				LD_RUNPATH_SEARCH_PATHS = (
					"$(inherited)",
					"@executable_path/Frameworks",
					"@loader_path/Frameworks",
				);
				PRODUCT_BUNDLE_IDENTIFIER = "first-try.Homework-3UITests";
				PRODUCT_NAME = "$(TARGET_NAME)";
				SWIFT_VERSION = 5.0;
				TARGETED_DEVICE_FAMILY = "1,2";
				TEST_TARGET_NAME = "Homework 3";
			};
			name = Release;
		};
/* End XCBuildConfiguration section */

/* Begin XCConfigurationList section */
		4072212A2422F8E20082D857 /* Build configuration list for PBXProject "Homework 3" */ = {
			isa = XCConfigurationList;
			buildConfigurations = (
				407221572422F8E80082D857 /* Debug */,
				407221582422F8E80082D857 /* Release */,
			);
			defaultConfigurationIsVisible = 0;
			defaultConfigurationName = Release;
		};
		407221592422F8E80082D857 /* Build configuration list for PBXNativeTarget "Homework 3" */ = {
			isa = XCConfigurationList;
			buildConfigurations = (
				4072215A2422F8E80082D857 /* Debug */,
				4072215B2422F8E80082D857 /* Release */,
			);
			defaultConfigurationIsVisible = 0;
			defaultConfigurationName = Release;
		};
		4072215C2422F8E80082D857 /* Build configuration list for PBXNativeTarget "Homework 3Tests" */ = {
			isa = XCConfigurationList;
			buildConfigurations = (
				4072215D2422F8E80082D857 /* Debug */,
				4072215E2422F8E80082D857 /* Release */,
			);
			defaultConfigurationIsVisible = 0;
			defaultConfigurationName = Release;
		};
		4072215F2422F8E80082D857 /* Build configuration list for PBXNativeTarget "Homework 3UITests" */ = {
			isa = XCConfigurationList;
			buildConfigurations = (
				407221602422F8E80082D857 /* Debug */,
				407221612422F8E80082D857 /* Release */,
			);
			defaultConfigurationIsVisible = 0;
			defaultConfigurationName = Release;
		};
/* End XCConfigurationList section */
	};
	rootObject = 407221272422F8E20082D857 /* Project object */;
}
