// !$*UTF8*$!
{
	archiveVersion = 1;
	classes = {
	};
	objectVersion = 50;
	objects = {

/* Begin PBXBuildFile section */
		40860F2E2452860100996E82 /* AppDelegate.swift in Sources */ = {isa = PBXBuildFile; fileRef = 40860F2D2452860100996E82 /* AppDelegate.swift */; };
		40860F302452860100996E82 /* SceneDelegate.swift in Sources */ = {isa = PBXBuildFile; fileRef = 40860F2F2452860100996E82 /* SceneDelegate.swift */; };
		40860F322452860100996E82 /* ViewController.swift in Sources */ = {isa = PBXBuildFile; fileRef = 40860F312452860100996E82 /* ViewController.swift */; };
		40860F352452860100996E82 /* Main.storyboard in Resources */ = {isa = PBXBuildFile; fileRef = 40860F332452860100996E82 /* Main.storyboard */; };
		40860F372452860300996E82 /* Assets.xcassets in Resources */ = {isa = PBXBuildFile; fileRef = 40860F362452860300996E82 /* Assets.xcassets */; };
		40860F3A2452860300996E82 /* LaunchScreen.storyboard in Resources */ = {isa = PBXBuildFile; fileRef = 40860F382452860300996E82 /* LaunchScreen.storyboard */; };
		40860F452452860300996E82 /* _Workout_planTests.swift in Sources */ = {isa = PBXBuildFile; fileRef = 40860F442452860300996E82 /* _Workout_planTests.swift */; };
		40860F502452860300996E82 /* _Workout_planUITests.swift in Sources */ = {isa = PBXBuildFile; fileRef = 40860F4F2452860300996E82 /* _Workout_planUITests.swift */; };
/* End PBXBuildFile section */

/* Begin PBXContainerItemProxy section */
		40860F412452860300996E82 /* PBXContainerItemProxy */ = {
			isa = PBXContainerItemProxy;
			containerPortal = 40860F222452860100996E82 /* Project object */;
			proxyType = 1;
			remoteGlobalIDString = 40860F292452860100996E82;
			remoteInfo = " Workout plan";
		};
		40860F4C2452860300996E82 /* PBXContainerItemProxy */ = {
			isa = PBXContainerItemProxy;
			containerPortal = 40860F222452860100996E82 /* Project object */;
			proxyType = 1;
			remoteGlobalIDString = 40860F292452860100996E82;
			remoteInfo = " Workout plan";
		};
/* End PBXContainerItemProxy section */

/* Begin PBXFileReference section */
		40860F2A2452860100996E82 /*  Workout plan.app */ = {isa = PBXFileReference; explicitFileType = wrapper.application; includeInIndex = 0; path = " Workout plan.app"; sourceTree = BUILT_PRODUCTS_DIR; };
		40860F2D2452860100996E82 /* AppDelegate.swift */ = {isa = PBXFileReference; lastKnownFileType = sourcecode.swift; path = AppDelegate.swift; sourceTree = "<group>"; };
		40860F2F2452860100996E82 /* SceneDelegate.swift */ = {isa = PBXFileReference; lastKnownFileType = sourcecode.swift; path = SceneDelegate.swift; sourceTree = "<group>"; };
		40860F312452860100996E82 /* ViewController.swift */ = {isa = PBXFileReference; lastKnownFileType = sourcecode.swift; path = ViewController.swift; sourceTree = "<group>"; };
		40860F342452860100996E82 /* Base */ = {isa = PBXFileReference; lastKnownFileType = file.storyboard; name = Base; path = Base.lproj/Main.storyboard; sourceTree = "<group>"; };
		40860F362452860300996E82 /* Assets.xcassets */ = {isa = PBXFileReference; lastKnownFileType = folder.assetcatalog; path = Assets.xcassets; sourceTree = "<group>"; };
		40860F392452860300996E82 /* Base */ = {isa = PBXFileReference; lastKnownFileType = file.storyboard; name = Base; path = Base.lproj/LaunchScreen.storyboard; sourceTree = "<group>"; };
		40860F3B2452860300996E82 /* Info.plist */ = {isa = PBXFileReference; lastKnownFileType = text.plist.xml; path = Info.plist; sourceTree = "<group>"; };
		40860F402452860300996E82 /*  Workout planTests.xctest */ = {isa = PBXFileReference; explicitFileType = wrapper.cfbundle; includeInIndex = 0; path = " Workout planTests.xctest"; sourceTree = BUILT_PRODUCTS_DIR; };
		40860F442452860300996E82 /* _Workout_planTests.swift */ = {isa = PBXFileReference; lastKnownFileType = sourcecode.swift; path = _Workout_planTests.swift; sourceTree = "<group>"; };
		40860F462452860300996E82 /* Info.plist */ = {isa = PBXFileReference; lastKnownFileType = text.plist.xml; path = Info.plist; sourceTree = "<group>"; };
		40860F4B2452860300996E82 /*  Workout planUITests.xctest */ = {isa = PBXFileReference; explicitFileType = wrapper.cfbundle; includeInIndex = 0; path = " Workout planUITests.xctest"; sourceTree = BUILT_PRODUCTS_DIR; };
		40860F4F2452860300996E82 /* _Workout_planUITests.swift */ = {isa = PBXFileReference; lastKnownFileType = sourcecode.swift; path = _Workout_planUITests.swift; sourceTree = "<group>"; };
		40860F512452860300996E82 /* Info.plist */ = {isa = PBXFileReference; lastKnownFileType = text.plist.xml; path = Info.plist; sourceTree = "<group>"; };
/* End PBXFileReference section */

/* Begin PBXFrameworksBuildPhase section */
		40860F272452860100996E82 /* Frameworks */ = {
			isa = PBXFrameworksBuildPhase;
			buildActionMask = 2147483647;
			files = (
			);
			runOnlyForDeploymentPostprocessing = 0;
		};
		40860F3D2452860300996E82 /* Frameworks */ = {
			isa = PBXFrameworksBuildPhase;
			buildActionMask = 2147483647;
			files = (
			);
			runOnlyForDeploymentPostprocessing = 0;
		};
		40860F482452860300996E82 /* Frameworks */ = {
			isa = PBXFrameworksBuildPhase;
			buildActionMask = 2147483647;
			files = (
			);
			runOnlyForDeploymentPostprocessing = 0;
		};
/* End PBXFrameworksBuildPhase section */

/* Begin PBXGroup section */
		40860F212452860100996E82 = {
			isa = PBXGroup;
			children = (
				40860F2C2452860100996E82 /*  Workout plan */,
				40860F432452860300996E82 /*  Workout planTests */,
				40860F4E2452860300996E82 /*  Workout planUITests */,
				40860F2B2452860100996E82 /* Products */,
			);
			sourceTree = "<group>";
		};
		40860F2B2452860100996E82 /* Products */ = {
			isa = PBXGroup;
			children = (
				40860F2A2452860100996E82 /*  Workout plan.app */,
				40860F402452860300996E82 /*  Workout planTests.xctest */,
				40860F4B2452860300996E82 /*  Workout planUITests.xctest */,
			);
			name = Products;
			sourceTree = "<group>";
		};
		40860F2C2452860100996E82 /*  Workout plan */ = {
			isa = PBXGroup;
			children = (
				40860F2D2452860100996E82 /* AppDelegate.swift */,
				40860F2F2452860100996E82 /* SceneDelegate.swift */,
				40860F312452860100996E82 /* ViewController.swift */,
				40860F332452860100996E82 /* Main.storyboard */,
				40860F362452860300996E82 /* Assets.xcassets */,
				40860F382452860300996E82 /* LaunchScreen.storyboard */,
				40860F3B2452860300996E82 /* Info.plist */,
			);
			path = " Workout plan";
			sourceTree = "<group>";
		};
		40860F432452860300996E82 /*  Workout planTests */ = {
			isa = PBXGroup;
			children = (
				40860F442452860300996E82 /* _Workout_planTests.swift */,
				40860F462452860300996E82 /* Info.plist */,
			);
			path = " Workout planTests";
			sourceTree = "<group>";
		};
		40860F4E2452860300996E82 /*  Workout planUITests */ = {
			isa = PBXGroup;
			children = (
				40860F4F2452860300996E82 /* _Workout_planUITests.swift */,
				40860F512452860300996E82 /* Info.plist */,
			);
			path = " Workout planUITests";
			sourceTree = "<group>";
		};
/* End PBXGroup section */

/* Begin PBXNativeTarget section */
		40860F292452860100996E82 /*  Workout plan */ = {
			isa = PBXNativeTarget;
			buildConfigurationList = 40860F542452860300996E82 /* Build configuration list for PBXNativeTarget " Workout plan" */;
			buildPhases = (
				40860F262452860100996E82 /* Sources */,
				40860F272452860100996E82 /* Frameworks */,
				40860F282452860100996E82 /* Resources */,
			);
			buildRules = (
			);
			dependencies = (
			);
			name = " Workout plan";
			productName = " Workout plan";
			productReference = 40860F2A2452860100996E82 /*  Workout plan.app */;
			productType = "com.apple.product-type.application";
		};
		40860F3F2452860300996E82 /*  Workout planTests */ = {
			isa = PBXNativeTarget;
			buildConfigurationList = 40860F572452860300996E82 /* Build configuration list for PBXNativeTarget " Workout planTests" */;
			buildPhases = (
				40860F3C2452860300996E82 /* Sources */,
				40860F3D2452860300996E82 /* Frameworks */,
				40860F3E2452860300996E82 /* Resources */,
			);
			buildRules = (
			);
			dependencies = (
				40860F422452860300996E82 /* PBXTargetDependency */,
			);
			name = " Workout planTests";
			productName = " Workout planTests";
			productReference = 40860F402452860300996E82 /*  Workout planTests.xctest */;
			productType = "com.apple.product-type.bundle.unit-test";
		};
		40860F4A2452860300996E82 /*  Workout planUITests */ = {
			isa = PBXNativeTarget;
			buildConfigurationList = 40860F5A2452860300996E82 /* Build configuration list for PBXNativeTarget " Workout planUITests" */;
			buildPhases = (
				40860F472452860300996E82 /* Sources */,
				40860F482452860300996E82 /* Frameworks */,
				40860F492452860300996E82 /* Resources */,
			);
			buildRules = (
			);
			dependencies = (
				40860F4D2452860300996E82 /* PBXTargetDependency */,
			);
			name = " Workout planUITests";
			productName = " Workout planUITests";
			productReference = 40860F4B2452860300996E82 /*  Workout planUITests.xctest */;
			productType = "com.apple.product-type.bundle.ui-testing";
		};
/* End PBXNativeTarget section */

/* Begin PBXProject section */
		40860F222452860100996E82 /* Project object */ = {
			isa = PBXProject;
			attributes = {
				LastSwiftUpdateCheck = 1130;
				LastUpgradeCheck = 1130;
				ORGANIZATIONNAME = "Owen Sabol";
				TargetAttributes = {
					40860F292452860100996E82 = {
						CreatedOnToolsVersion = 11.3.1;
					};
					40860F3F2452860300996E82 = {
						CreatedOnToolsVersion = 11.3.1;
						TestTargetID = 40860F292452860100996E82;
					};
					40860F4A2452860300996E82 = {
						CreatedOnToolsVersion = 11.3.1;
						TestTargetID = 40860F292452860100996E82;
					};
				};
			};
			buildConfigurationList = 40860F252452860100996E82 /* Build configuration list for PBXProject " Workout plan" */;
			compatibilityVersion = "Xcode 9.3";
			developmentRegion = en;
			hasScannedForEncodings = 0;
			knownRegions = (
				en,
				Base,
			);
			mainGroup = 40860F212452860100996E82;
			productRefGroup = 40860F2B2452860100996E82 /* Products */;
			projectDirPath = "";
			projectRoot = "";
			targets = (
				40860F292452860100996E82 /*  Workout plan */,
				40860F3F2452860300996E82 /*  Workout planTests */,
				40860F4A2452860300996E82 /*  Workout planUITests */,
			);
		};
/* End PBXProject section */

/* Begin PBXResourcesBuildPhase section */
		40860F282452860100996E82 /* Resources */ = {
			isa = PBXResourcesBuildPhase;
			buildActionMask = 2147483647;
			files = (
				40860F3A2452860300996E82 /* LaunchScreen.storyboard in Resources */,
				40860F372452860300996E82 /* Assets.xcassets in Resources */,
				40860F352452860100996E82 /* Main.storyboard in Resources */,
			);
			runOnlyForDeploymentPostprocessing = 0;
		};
		40860F3E2452860300996E82 /* Resources */ = {
			isa = PBXResourcesBuildPhase;
			buildActionMask = 2147483647;
			files = (
			);
			runOnlyForDeploymentPostprocessing = 0;
		};
		40860F492452860300996E82 /* Resources */ = {
			isa = PBXResourcesBuildPhase;
			buildActionMask = 2147483647;
			files = (
			);
			runOnlyForDeploymentPostprocessing = 0;
		};
/* End PBXResourcesBuildPhase section */

/* Begin PBXSourcesBuildPhase section */
		40860F262452860100996E82 /* Sources */ = {
			isa = PBXSourcesBuildPhase;
			buildActionMask = 2147483647;
			files = (
				40860F322452860100996E82 /* ViewController.swift in Sources */,
				40860F2E2452860100996E82 /* AppDelegate.swift in Sources */,
				40860F302452860100996E82 /* SceneDelegate.swift in Sources */,
			);
			runOnlyForDeploymentPostprocessing = 0;
		};
		40860F3C2452860300996E82 /* Sources */ = {
			isa = PBXSourcesBuildPhase;
			buildActionMask = 2147483647;
			files = (
				40860F452452860300996E82 /* _Workout_planTests.swift in Sources */,
			);
			runOnlyForDeploymentPostprocessing = 0;
		};
		40860F472452860300996E82 /* Sources */ = {
			isa = PBXSourcesBuildPhase;
			buildActionMask = 2147483647;
			files = (
				40860F502452860300996E82 /* _Workout_planUITests.swift in Sources */,
			);
			runOnlyForDeploymentPostprocessing = 0;
		};
/* End PBXSourcesBuildPhase section */

/* Begin PBXTargetDependency section */
		40860F422452860300996E82 /* PBXTargetDependency */ = {
			isa = PBXTargetDependency;
			target = 40860F292452860100996E82 /*  Workout plan */;
			targetProxy = 40860F412452860300996E82 /* PBXContainerItemProxy */;
		};
		40860F4D2452860300996E82 /* PBXTargetDependency */ = {
			isa = PBXTargetDependency;
			target = 40860F292452860100996E82 /*  Workout plan */;
			targetProxy = 40860F4C2452860300996E82 /* PBXContainerItemProxy */;
		};
/* End PBXTargetDependency section */

/* Begin PBXVariantGroup section */
		40860F332452860100996E82 /* Main.storyboard */ = {
			isa = PBXVariantGroup;
			children = (
				40860F342452860100996E82 /* Base */,
			);
			name = Main.storyboard;
			sourceTree = "<group>";
		};
		40860F382452860300996E82 /* LaunchScreen.storyboard */ = {
			isa = PBXVariantGroup;
			children = (
				40860F392452860300996E82 /* Base */,
			);
			name = LaunchScreen.storyboard;
			sourceTree = "<group>";
		};
/* End PBXVariantGroup section */

/* Begin XCBuildConfiguration section */
		40860F522452860300996E82 /* Debug */ = {
			isa = XCBuildConfiguration;
			buildSettings = {
				ALWAYS_SEARCH_USER_PATHS = NO;
				CLANG_ANALYZER_NONNULL = YES;
				CLANG_ANALYZER_NUMBER_OBJECT_CONVERSION = YES_AGGRESSIVE;
				CLANG_CXX_LANGUAGE_STANDARD = "gnu++14";
				CLANG_CXX_LIBRARY = "libc++";
				CLANG_ENABLE_MODULES = YES;
				CLANG_ENABLE_OBJC_ARC = YES;
				CLANG_ENABLE_OBJC_WEAK = YES;
				CLANG_WARN_BLOCK_CAPTURE_AUTORELEASING = YES;
				CLANG_WARN_BOOL_CONVERSION = YES;
				CLANG_WARN_COMMA = YES;
				CLANG_WARN_CONSTANT_CONVERSION = YES;
				CLANG_WARN_DEPRECATED_OBJC_IMPLEMENTATIONS = YES;
				CLANG_WARN_DIRECT_OBJC_ISA_USAGE = YES_ERROR;
				CLANG_WARN_DOCUMENTATION_COMMENTS = YES;
				CLANG_WARN_EMPTY_BODY = YES;
				CLANG_WARN_ENUM_CONVERSION = YES;
				CLANG_WARN_INFINITE_RECURSION = YES;
				CLANG_WARN_INT_CONVERSION = YES;
				CLANG_WARN_NON_LITERAL_NULL_CONVERSION = YES;
				CLANG_WARN_OBJC_IMPLICIT_RETAIN_SELF = YES;
				CLANG_WARN_OBJC_LITERAL_CONVERSION = YES;
				CLANG_WARN_OBJC_ROOT_CLASS = YES_ERROR;
				CLANG_WARN_RANGE_LOOP_ANALYSIS = YES;
				CLANG_WARN_STRICT_PROTOTYPES = YES;
				CLANG_WARN_SUSPICIOUS_MOVE = YES;
				CLANG_WARN_UNGUARDED_AVAILABILITY = YES_AGGRESSIVE;
				CLANG_WARN_UNREACHABLE_CODE = YES;
				CLANG_WARN__DUPLICATE_METHOD_MATCH = YES;
				COPY_PHASE_STRIP = NO;
				DEBUG_INFORMATION_FORMAT = dwarf;
				ENABLE_STRICT_OBJC_MSGSEND = YES;
				ENABLE_TESTABILITY = YES;
				GCC_C_LANGUAGE_STANDARD = gnu11;
				GCC_DYNAMIC_NO_PIC = NO;
				GCC_NO_COMMON_BLOCKS = YES;
				GCC_OPTIMIZATION_LEVEL = 0;
				GCC_PREPROCESSOR_DEFINITIONS = (
					"DEBUG=1",
					"$(inherited)",
				);
				GCC_WARN_64_TO_32_BIT_CONVERSION = YES;
				GCC_WARN_ABOUT_RETURN_TYPE = YES_ERROR;
				GCC_WARN_UNDECLARED_SELECTOR = YES;
				GCC_WARN_UNINITIALIZED_AUTOS = YES_AGGRESSIVE;
				GCC_WARN_UNUSED_FUNCTION = YES;
				GCC_WARN_UNUSED_VARIABLE = YES;
				IPHONEOS_DEPLOYMENT_TARGET = 13.2;
				MTL_ENABLE_DEBUG_INFO = INCLUDE_SOURCE;
				MTL_FAST_MATH = YES;
				ONLY_ACTIVE_ARCH = YES;
				SDKROOT = iphoneos;
				SWIFT_ACTIVE_COMPILATION_CONDITIONS = DEBUG;
				SWIFT_OPTIMIZATION_LEVEL = "-Onone";
			};
			name = Debug;
		};
		40860F532452860300996E82 /* Release */ = {
			isa = XCBuildConfiguration;
			buildSettings = {
				ALWAYS_SEARCH_USER_PATHS = NO;
				CLANG_ANALYZER_NONNULL = YES;
				CLANG_ANALYZER_NUMBER_OBJECT_CONVERSION = YES_AGGRESSIVE;
				CLANG_CXX_LANGUAGE_STANDARD = "gnu++14";
				CLANG_CXX_LIBRARY = "libc++";
				CLANG_ENABLE_MODULES = YES;
				CLANG_ENABLE_OBJC_ARC = YES;
				CLANG_ENABLE_OBJC_WEAK = YES;
				CLANG_WARN_BLOCK_CAPTURE_AUTORELEASING = YES;
				CLANG_WARN_BOOL_CONVERSION = YES;
				CLANG_WARN_COMMA = YES;
				CLANG_WARN_CONSTANT_CONVERSION = YES;
				CLANG_WARN_DEPRECATED_OBJC_IMPLEMENTATIONS = YES;
				CLANG_WARN_DIRECT_OBJC_ISA_USAGE = YES_ERROR;
				CLANG_WARN_DOCUMENTATION_COMMENTS = YES;
				CLANG_WARN_EMPTY_BODY = YES;
				CLANG_WARN_ENUM_CONVERSION = YES;
				CLANG_WARN_INFINITE_RECURSION = YES;
				CLANG_WARN_INT_CONVERSION = YES;
				CLANG_WARN_NON_LITERAL_NULL_CONVERSION = YES;
				CLANG_WARN_OBJC_IMPLICIT_RETAIN_SELF = YES;
				CLANG_WARN_OBJC_LITERAL_CONVERSION = YES;
				CLANG_WARN_OBJC_ROOT_CLASS = YES_ERROR;
				CLANG_WARN_RANGE_LOOP_ANALYSIS = YES;
				CLANG_WARN_STRICT_PROTOTYPES = YES;
				CLANG_WARN_SUSPICIOUS_MOVE = YES;
				CLANG_WARN_UNGUARDED_AVAILABILITY = YES_AGGRESSIVE;
				CLANG_WARN_UNREACHABLE_CODE = YES;
				CLANG_WARN__DUPLICATE_METHOD_MATCH = YES;
				COPY_PHASE_STRIP = NO;
				DEBUG_INFORMATION_FORMAT = "dwarf-with-dsym";
				ENABLE_NS_ASSERTIONS = NO;
				ENABLE_STRICT_OBJC_MSGSEND = YES;
				GCC_C_LANGUAGE_STANDARD = gnu11;
				GCC_NO_COMMON_BLOCKS = YES;
				GCC_WARN_64_TO_32_BIT_CONVERSION = YES;
				GCC_WARN_ABOUT_RETURN_TYPE = YES_ERROR;
				GCC_WARN_UNDECLARED_SELECTOR = YES;
				GCC_WARN_UNINITIALIZED_AUTOS = YES_AGGRESSIVE;
				GCC_WARN_UNUSED_FUNCTION = YES;
				GCC_WARN_UNUSED_VARIABLE = YES;
				IPHONEOS_DEPLOYMENT_TARGET = 13.2;
				MTL_ENABLE_DEBUG_INFO = NO;
				MTL_FAST_MATH = YES;
				SDKROOT = iphoneos;
				SWIFT_COMPILATION_MODE = wholemodule;
				SWIFT_OPTIMIZATION_LEVEL = "-O";
				VALIDATE_PRODUCT = YES;
			};
			name = Release;
		};
		40860F552452860300996E82 /* Debug */ = {
			isa = XCBuildConfiguration;
			buildSettings = {
				ASSETCATALOG_COMPILER_APPICON_NAME = AppIcon;
				CODE_SIGN_STYLE = Automatic;
				INFOPLIST_FILE = " Workout plan/Info.plist";
				LD_RUNPATH_SEARCH_PATHS = (
					"$(inherited)",
					"@executable_path/Frameworks",
				);
				PRODUCT_BUNDLE_IDENTIFIER = "first-try.-Workout-plan";
				PRODUCT_NAME = "$(TARGET_NAME)";
				SWIFT_VERSION = 5.0;
				TARGETED_DEVICE_FAMILY = "1,2";
			};
			name = Debug;
		};
		40860F562452860300996E82 /* Release */ = {
			isa = XCBuildConfiguration;
			buildSettings = {
				ASSETCATALOG_COMPILER_APPICON_NAME = AppIcon;
				CODE_SIGN_STYLE = Automatic;
				INFOPLIST_FILE = " Workout plan/Info.plist";
				LD_RUNPATH_SEARCH_PATHS = (
					"$(inherited)",
					"@executable_path/Frameworks",
				);
				PRODUCT_BUNDLE_IDENTIFIER = "first-try.-Workout-plan";
				PRODUCT_NAME = "$(TARGET_NAME)";
				SWIFT_VERSION = 5.0;
				TARGETED_DEVICE_FAMILY = "1,2";
			};
			name = Release;
		};
		40860F582452860300996E82 /* Debug */ = {
			isa = XCBuildConfiguration;
			buildSettings = {
				ALWAYS_EMBED_SWIFT_STANDARD_LIBRARIES = YES;
				BUNDLE_LOADER = "$(TEST_HOST)";
				CODE_SIGN_STYLE = Automatic;
				INFOPLIST_FILE = " Workout planTests/Info.plist";
				IPHONEOS_DEPLOYMENT_TARGET = 13.2;
				LD_RUNPATH_SEARCH_PATHS = (
					"$(inherited)",
					"@executable_path/Frameworks",
					"@loader_path/Frameworks",
				);
				PRODUCT_BUNDLE_IDENTIFIER = "first-try.-Workout-planTests";
				PRODUCT_NAME = "$(TARGET_NAME)";
				SWIFT_VERSION = 5.0;
				TARGETED_DEVICE_FAMILY = "1,2";
				TEST_HOST = "$(BUILT_PRODUCTS_DIR)/ Workout plan.app/ Workout plan";
			};
			name = Debug;
		};
		40860F592452860300996E82 /* Release */ = {
			isa = XCBuildConfiguration;
			buildSettings = {
				ALWAYS_EMBED_SWIFT_STANDARD_LIBRARIES = YES;
				BUNDLE_LOADER = "$(TEST_HOST)";
				CODE_SIGN_STYLE = Automatic;
				INFOPLIST_FILE = " Workout planTests/Info.plist";
				IPHONEOS_DEPLOYMENT_TARGET = 13.2;
				LD_RUNPATH_SEARCH_PATHS = (
					"$(inherited)",
					"@executable_path/Frameworks",
					"@loader_path/Frameworks",
				);
				PRODUCT_BUNDLE_IDENTIFIER = "first-try.-Workout-planTests";
				PRODUCT_NAME = "$(TARGET_NAME)";
				SWIFT_VERSION = 5.0;
				TARGETED_DEVICE_FAMILY = "1,2";
				TEST_HOST = "$(BUILT_PRODUCTS_DIR)/ Workout plan.app/ Workout plan";
			};
			name = Release;
		};
		40860F5B2452860300996E82 /* Debug */ = {
			isa = XCBuildConfiguration;
			buildSettings = {
				ALWAYS_EMBED_SWIFT_STANDARD_LIBRARIES = YES;
				CODE_SIGN_STYLE = Automatic;
				INFOPLIST_FILE = " Workout planUITests/Info.plist";
				LD_RUNPATH_SEARCH_PATHS = (
					"$(inherited)",
					"@executable_path/Frameworks",
					"@loader_path/Frameworks",
				);
				PRODUCT_BUNDLE_IDENTIFIER = "first-try.-Workout-planUITests";
				PRODUCT_NAME = "$(TARGET_NAME)";
				SWIFT_VERSION = 5.0;
				TARGETED_DEVICE_FAMILY = "1,2";
				TEST_TARGET_NAME = " Workout plan";
			};
			name = Debug;
		};
		40860F5C2452860300996E82 /* Release */ = {
			isa = XCBuildConfiguration;
			buildSettings = {
				ALWAYS_EMBED_SWIFT_STANDARD_LIBRARIES = YES;
				CODE_SIGN_STYLE = Automatic;
				INFOPLIST_FILE = " Workout planUITests/Info.plist";
				LD_RUNPATH_SEARCH_PATHS = (
					"$(inherited)",
					"@executable_path/Frameworks",
					"@loader_path/Frameworks",
				);
				PRODUCT_BUNDLE_IDENTIFIER = "first-try.-Workout-planUITests";
				PRODUCT_NAME = "$(TARGET_NAME)";
				SWIFT_VERSION = 5.0;
				TARGETED_DEVICE_FAMILY = "1,2";
				TEST_TARGET_NAME = " Workout plan";
			};
			name = Release;
		};
/* End XCBuildConfiguration section */

/* Begin XCConfigurationList section */
		40860F252452860100996E82 /* Build configuration list for PBXProject " Workout plan" */ = {
			isa = XCConfigurationList;
			buildConfigurations = (
				40860F522452860300996E82 /* Debug */,
				40860F532452860300996E82 /* Release */,
			);
			defaultConfigurationIsVisible = 0;
			defaultConfigurationName = Release;
		};
		40860F542452860300996E82 /* Build configuration list for PBXNativeTarget " Workout plan" */ = {
			isa = XCConfigurationList;
			buildConfigurations = (
				40860F552452860300996E82 /* Debug */,
				40860F562452860300996E82 /* Release */,
			);
			defaultConfigurationIsVisible = 0;
			defaultConfigurationName = Release;
		};
		40860F572452860300996E82 /* Build configuration list for PBXNativeTarget " Workout planTests" */ = {
			isa = XCConfigurationList;
			buildConfigurations = (
				40860F582452860300996E82 /* Debug */,
				40860F592452860300996E82 /* Release */,
			);
			defaultConfigurationIsVisible = 0;
			defaultConfigurationName = Release;
		};
		40860F5A2452860300996E82 /* Build configuration list for PBXNativeTarget " Workout planUITests" */ = {
			isa = XCConfigurationList;
			buildConfigurations = (
				40860F5B2452860300996E82 /* Debug */,
				40860F5C2452860300996E82 /* Release */,
			);
			defaultConfigurationIsVisible = 0;
			defaultConfigurationName = Release;
		};
/* End XCConfigurationList section */
	};
	rootObject = 40860F222452860100996E82 /* Project object */;
}
