// !$*UTF8*$!
{
	archiveVersion = 1;
	classes = {
	};
	objectVersion = 50;
	objects = {

/* Begin PBXBuildFile section */
		4026EA0823FC493F003637D8 /* AppDelegate.swift in Sources */ = {isa = PBXBuildFile; fileRef = 4026EA0723FC493F003637D8 /* AppDelegate.swift */; };
		4026EA0A23FC493F003637D8 /* SceneDelegate.swift in Sources */ = {isa = PBXBuildFile; fileRef = 4026EA0923FC493F003637D8 /* SceneDelegate.swift */; };
		4026EA0C23FC493F003637D8 /* ViewController.swift in Sources */ = {isa = PBXBuildFile; fileRef = 4026EA0B23FC493F003637D8 /* ViewController.swift */; };
		4026EA0F23FC493F003637D8 /* Main.storyboard in Resources */ = {isa = PBXBuildFile; fileRef = 4026EA0D23FC493F003637D8 /* Main.storyboard */; };
		4026EA1123FC4943003637D8 /* Assets.xcassets in Resources */ = {isa = PBXBuildFile; fileRef = 4026EA1023FC4943003637D8 /* Assets.xcassets */; };
		4026EA1423FC4943003637D8 /* LaunchScreen.storyboard in Resources */ = {isa = PBXBuildFile; fileRef = 4026EA1223FC4943003637D8 /* LaunchScreen.storyboard */; };
		4026EA1F23FC4943003637D8 /* Multiple_pagesTests.swift in Sources */ = {isa = PBXBuildFile; fileRef = 4026EA1E23FC4943003637D8 /* Multiple_pagesTests.swift */; };
		4026EA2A23FC4943003637D8 /* Multiple_pagesUITests.swift in Sources */ = {isa = PBXBuildFile; fileRef = 4026EA2923FC4943003637D8 /* Multiple_pagesUITests.swift */; };
/* End PBXBuildFile section */

/* Begin PBXContainerItemProxy section */
		4026EA1B23FC4943003637D8 /* PBXContainerItemProxy */ = {
			isa = PBXContainerItemProxy;
			containerPortal = 4026E9FC23FC493E003637D8 /* Project object */;
			proxyType = 1;
			remoteGlobalIDString = 4026EA0323FC493F003637D8;
			remoteInfo = "Multiple pages";
		};
		4026EA2623FC4943003637D8 /* PBXContainerItemProxy */ = {
			isa = PBXContainerItemProxy;
			containerPortal = 4026E9FC23FC493E003637D8 /* Project object */;
			proxyType = 1;
			remoteGlobalIDString = 4026EA0323FC493F003637D8;
			remoteInfo = "Multiple pages";
		};
/* End PBXContainerItemProxy section */

/* Begin PBXFileReference section */
		4026EA0423FC493F003637D8 /* Multiple pages.app */ = {isa = PBXFileReference; explicitFileType = wrapper.application; includeInIndex = 0; path = "Multiple pages.app"; sourceTree = BUILT_PRODUCTS_DIR; };
		4026EA0723FC493F003637D8 /* AppDelegate.swift */ = {isa = PBXFileReference; lastKnownFileType = sourcecode.swift; path = AppDelegate.swift; sourceTree = "<group>"; };
		4026EA0923FC493F003637D8 /* SceneDelegate.swift */ = {isa = PBXFileReference; lastKnownFileType = sourcecode.swift; path = SceneDelegate.swift; sourceTree = "<group>"; };
		4026EA0B23FC493F003637D8 /* ViewController.swift */ = {isa = PBXFileReference; lastKnownFileType = sourcecode.swift; path = ViewController.swift; sourceTree = "<group>"; };
		4026EA0E23FC493F003637D8 /* Base */ = {isa = PBXFileReference; lastKnownFileType = file.storyboard; name = Base; path = Base.lproj/Main.storyboard; sourceTree = "<group>"; };
		4026EA1023FC4943003637D8 /* Assets.xcassets */ = {isa = PBXFileReference; lastKnownFileType = folder.assetcatalog; path = Assets.xcassets; sourceTree = "<group>"; };
		4026EA1323FC4943003637D8 /* Base */ = {isa = PBXFileReference; lastKnownFileType = file.storyboard; name = Base; path = Base.lproj/LaunchScreen.storyboard; sourceTree = "<group>"; };
		4026EA1523FC4943003637D8 /* Info.plist */ = {isa = PBXFileReference; lastKnownFileType = text.plist.xml; path = Info.plist; sourceTree = "<group>"; };
		4026EA1A23FC4943003637D8 /* Multiple pagesTests.xctest */ = {isa = PBXFileReference; explicitFileType = wrapper.cfbundle; includeInIndex = 0; path = "Multiple pagesTests.xctest"; sourceTree = BUILT_PRODUCTS_DIR; };
		4026EA1E23FC4943003637D8 /* Multiple_pagesTests.swift */ = {isa = PBXFileReference; lastKnownFileType = sourcecode.swift; path = Multiple_pagesTests.swift; sourceTree = "<group>"; };
		4026EA2023FC4943003637D8 /* Info.plist */ = {isa = PBXFileReference; lastKnownFileType = text.plist.xml; path = Info.plist; sourceTree = "<group>"; };
		4026EA2523FC4943003637D8 /* Multiple pagesUITests.xctest */ = {isa = PBXFileReference; explicitFileType = wrapper.cfbundle; includeInIndex = 0; path = "Multiple pagesUITests.xctest"; sourceTree = BUILT_PRODUCTS_DIR; };
		4026EA2923FC4943003637D8 /* Multiple_pagesUITests.swift */ = {isa = PBXFileReference; lastKnownFileType = sourcecode.swift; path = Multiple_pagesUITests.swift; sourceTree = "<group>"; };
		4026EA2B23FC4943003637D8 /* Info.plist */ = {isa = PBXFileReference; lastKnownFileType = text.plist.xml; path = Info.plist; sourceTree = "<group>"; };
/* End PBXFileReference section */

/* Begin PBXFrameworksBuildPhase section */
		4026EA0123FC493F003637D8 /* Frameworks */ = {
			isa = PBXFrameworksBuildPhase;
			buildActionMask = 2147483647;
			files = (
			);
			runOnlyForDeploymentPostprocessing = 0;
		};
		4026EA1723FC4943003637D8 /* Frameworks */ = {
			isa = PBXFrameworksBuildPhase;
			buildActionMask = 2147483647;
			files = (
			);
			runOnlyForDeploymentPostprocessing = 0;
		};
		4026EA2223FC4943003637D8 /* Frameworks */ = {
			isa = PBXFrameworksBuildPhase;
			buildActionMask = 2147483647;
			files = (
			);
			runOnlyForDeploymentPostprocessing = 0;
		};
/* End PBXFrameworksBuildPhase section */

/* Begin PBXGroup section */
		4026E9FB23FC493E003637D8 = {
			isa = PBXGroup;
			children = (
				4026EA0623FC493F003637D8 /* Multiple pages */,
				4026EA1D23FC4943003637D8 /* Multiple pagesTests */,
				4026EA2823FC4943003637D8 /* Multiple pagesUITests */,
				4026EA0523FC493F003637D8 /* Products */,
			);
			sourceTree = "<group>";
		};
		4026EA0523FC493F003637D8 /* Products */ = {
			isa = PBXGroup;
			children = (
				4026EA0423FC493F003637D8 /* Multiple pages.app */,
				4026EA1A23FC4943003637D8 /* Multiple pagesTests.xctest */,
				4026EA2523FC4943003637D8 /* Multiple pagesUITests.xctest */,
			);
			name = Products;
			sourceTree = "<group>";
		};
		4026EA0623FC493F003637D8 /* Multiple pages */ = {
			isa = PBXGroup;
			children = (
				4026EA0723FC493F003637D8 /* AppDelegate.swift */,
				4026EA0923FC493F003637D8 /* SceneDelegate.swift */,
				4026EA0B23FC493F003637D8 /* ViewController.swift */,
				4026EA0D23FC493F003637D8 /* Main.storyboard */,
				4026EA1023FC4943003637D8 /* Assets.xcassets */,
				4026EA1223FC4943003637D8 /* LaunchScreen.storyboard */,
				4026EA1523FC4943003637D8 /* Info.plist */,
			);
			path = "Multiple pages";
			sourceTree = "<group>";
		};
		4026EA1D23FC4943003637D8 /* Multiple pagesTests */ = {
			isa = PBXGroup;
			children = (
				4026EA1E23FC4943003637D8 /* Multiple_pagesTests.swift */,
				4026EA2023FC4943003637D8 /* Info.plist */,
			);
			path = "Multiple pagesTests";
			sourceTree = "<group>";
		};
		4026EA2823FC4943003637D8 /* Multiple pagesUITests */ = {
			isa = PBXGroup;
			children = (
				4026EA2923FC4943003637D8 /* Multiple_pagesUITests.swift */,
				4026EA2B23FC4943003637D8 /* Info.plist */,
			);
			path = "Multiple pagesUITests";
			sourceTree = "<group>";
		};
/* End PBXGroup section */

/* Begin PBXNativeTarget section */
		4026EA0323FC493F003637D8 /* Multiple pages */ = {
			isa = PBXNativeTarget;
			buildConfigurationList = 4026EA2E23FC4943003637D8 /* Build configuration list for PBXNativeTarget "Multiple pages" */;
			buildPhases = (
				4026EA0023FC493F003637D8 /* Sources */,
				4026EA0123FC493F003637D8 /* Frameworks */,
				4026EA0223FC493F003637D8 /* Resources */,
			);
			buildRules = (
			);
			dependencies = (
			);
			name = "Multiple pages";
			productName = "Multiple pages";
			productReference = 4026EA0423FC493F003637D8 /* Multiple pages.app */;
			productType = "com.apple.product-type.application";
		};
		4026EA1923FC4943003637D8 /* Multiple pagesTests */ = {
			isa = PBXNativeTarget;
			buildConfigurationList = 4026EA3123FC4943003637D8 /* Build configuration list for PBXNativeTarget "Multiple pagesTests" */;
			buildPhases = (
				4026EA1623FC4943003637D8 /* Sources */,
				4026EA1723FC4943003637D8 /* Frameworks */,
				4026EA1823FC4943003637D8 /* Resources */,
			);
			buildRules = (
			);
			dependencies = (
				4026EA1C23FC4943003637D8 /* PBXTargetDependency */,
			);
			name = "Multiple pagesTests";
			productName = "Multiple pagesTests";
			productReference = 4026EA1A23FC4943003637D8 /* Multiple pagesTests.xctest */;
			productType = "com.apple.product-type.bundle.unit-test";
		};
		4026EA2423FC4943003637D8 /* Multiple pagesUITests */ = {
			isa = PBXNativeTarget;
			buildConfigurationList = 4026EA3423FC4943003637D8 /* Build configuration list for PBXNativeTarget "Multiple pagesUITests" */;
			buildPhases = (
				4026EA2123FC4943003637D8 /* Sources */,
				4026EA2223FC4943003637D8 /* Frameworks */,
				4026EA2323FC4943003637D8 /* Resources */,
			);
			buildRules = (
			);
			dependencies = (
				4026EA2723FC4943003637D8 /* PBXTargetDependency */,
			);
			name = "Multiple pagesUITests";
			productName = "Multiple pagesUITests";
			productReference = 4026EA2523FC4943003637D8 /* Multiple pagesUITests.xctest */;
			productType = "com.apple.product-type.bundle.ui-testing";
		};
/* End PBXNativeTarget section */

/* Begin PBXProject section */
		4026E9FC23FC493E003637D8 /* Project object */ = {
			isa = PBXProject;
			attributes = {
				LastSwiftUpdateCheck = 1130;
				LastUpgradeCheck = 1130;
				ORGANIZATIONNAME = "Owen Sabol";
				TargetAttributes = {
					4026EA0323FC493F003637D8 = {
						CreatedOnToolsVersion = 11.3.1;
					};
					4026EA1923FC4943003637D8 = {
						CreatedOnToolsVersion = 11.3.1;
						TestTargetID = 4026EA0323FC493F003637D8;
					};
					4026EA2423FC4943003637D8 = {
						CreatedOnToolsVersion = 11.3.1;
						TestTargetID = 4026EA0323FC493F003637D8;
					};
				};
			};
			buildConfigurationList = 4026E9FF23FC493E003637D8 /* Build configuration list for PBXProject "Multiple pages" */;
			compatibilityVersion = "Xcode 9.3";
			developmentRegion = en;
			hasScannedForEncodings = 0;
			knownRegions = (
				en,
				Base,
			);
			mainGroup = 4026E9FB23FC493E003637D8;
			productRefGroup = 4026EA0523FC493F003637D8 /* Products */;
			projectDirPath = "";
			projectRoot = "";
			targets = (
				4026EA0323FC493F003637D8 /* Multiple pages */,
				4026EA1923FC4943003637D8 /* Multiple pagesTests */,
				4026EA2423FC4943003637D8 /* Multiple pagesUITests */,
			);
		};
/* End PBXProject section */

/* Begin PBXResourcesBuildPhase section */
		4026EA0223FC493F003637D8 /* Resources */ = {
			isa = PBXResourcesBuildPhase;
			buildActionMask = 2147483647;
			files = (
				4026EA1423FC4943003637D8 /* LaunchScreen.storyboard in Resources */,
				4026EA1123FC4943003637D8 /* Assets.xcassets in Resources */,
				4026EA0F23FC493F003637D8 /* Main.storyboard in Resources */,
			);
			runOnlyForDeploymentPostprocessing = 0;
		};
		4026EA1823FC4943003637D8 /* Resources */ = {
			isa = PBXResourcesBuildPhase;
			buildActionMask = 2147483647;
			files = (
			);
			runOnlyForDeploymentPostprocessing = 0;
		};
		4026EA2323FC4943003637D8 /* Resources */ = {
			isa = PBXResourcesBuildPhase;
			buildActionMask = 2147483647;
			files = (
			);
			runOnlyForDeploymentPostprocessing = 0;
		};
/* End PBXResourcesBuildPhase section */

/* Begin PBXSourcesBuildPhase section */
		4026EA0023FC493F003637D8 /* Sources */ = {
			isa = PBXSourcesBuildPhase;
			buildActionMask = 2147483647;
			files = (
				4026EA0C23FC493F003637D8 /* ViewController.swift in Sources */,
				4026EA0823FC493F003637D8 /* AppDelegate.swift in Sources */,
				4026EA0A23FC493F003637D8 /* SceneDelegate.swift in Sources */,
			);
			runOnlyForDeploymentPostprocessing = 0;
		};
		4026EA1623FC4943003637D8 /* Sources */ = {
			isa = PBXSourcesBuildPhase;
			buildActionMask = 2147483647;
			files = (
				4026EA1F23FC4943003637D8 /* Multiple_pagesTests.swift in Sources */,
			);
			runOnlyForDeploymentPostprocessing = 0;
		};
		4026EA2123FC4943003637D8 /* Sources */ = {
			isa = PBXSourcesBuildPhase;
			buildActionMask = 2147483647;
			files = (
				4026EA2A23FC4943003637D8 /* Multiple_pagesUITests.swift in Sources */,
			);
			runOnlyForDeploymentPostprocessing = 0;
		};
/* End PBXSourcesBuildPhase section */

/* Begin PBXTargetDependency section */
		4026EA1C23FC4943003637D8 /* PBXTargetDependency */ = {
			isa = PBXTargetDependency;
			target = 4026EA0323FC493F003637D8 /* Multiple pages */;
			targetProxy = 4026EA1B23FC4943003637D8 /* PBXContainerItemProxy */;
		};
		4026EA2723FC4943003637D8 /* PBXTargetDependency */ = {
			isa = PBXTargetDependency;
			target = 4026EA0323FC493F003637D8 /* Multiple pages */;
			targetProxy = 4026EA2623FC4943003637D8 /* PBXContainerItemProxy */;
		};
/* End PBXTargetDependency section */

/* Begin PBXVariantGroup section */
		4026EA0D23FC493F003637D8 /* Main.storyboard */ = {
			isa = PBXVariantGroup;
			children = (
				4026EA0E23FC493F003637D8 /* Base */,
			);
			name = Main.storyboard;
			sourceTree = "<group>";
		};
		4026EA1223FC4943003637D8 /* LaunchScreen.storyboard */ = {
			isa = PBXVariantGroup;
			children = (
				4026EA1323FC4943003637D8 /* Base */,
			);
			name = LaunchScreen.storyboard;
			sourceTree = "<group>";
		};
/* End PBXVariantGroup section */

/* Begin XCBuildConfiguration section */
		4026EA2C23FC4943003637D8 /* Debug */ = {
			isa = XCBuildConfiguration;
			buildSettings = {
				ALWAYS_SEARCH_USER_PATHS = NO;
				CLANG_ANALYZER_NONNULL = YES;
				CLANG_ANALYZER_NUMBER_OBJECT_CONVERSION = YES_AGGRESSIVE;
				CLANG_CXX_LANGUAGE_STANDARD = "gnu++14";
				CLANG_CXX_LIBRARY = "libc++";
				CLANG_ENABLE_MODULES = YES;
				CLANG_ENABLE_OBJC_ARC = YES;
				CLANG_ENABLE_OBJC_WEAK = YES;
				CLANG_WARN_BLOCK_CAPTURE_AUTORELEASING = YES;
				CLANG_WARN_BOOL_CONVERSION = YES;
				CLANG_WARN_COMMA = YES;
				CLANG_WARN_CONSTANT_CONVERSION = YES;
				CLANG_WARN_DEPRECATED_OBJC_IMPLEMENTATIONS = YES;
				CLANG_WARN_DIRECT_OBJC_ISA_USAGE = YES_ERROR;
				CLANG_WARN_DOCUMENTATION_COMMENTS = YES;
				CLANG_WARN_EMPTY_BODY = YES;
				CLANG_WARN_ENUM_CONVERSION = YES;
				CLANG_WARN_INFINITE_RECURSION = YES;
				CLANG_WARN_INT_CONVERSION = YES;
				CLANG_WARN_NON_LITERAL_NULL_CONVERSION = YES;
				CLANG_WARN_OBJC_IMPLICIT_RETAIN_SELF = YES;
				CLANG_WARN_OBJC_LITERAL_CONVERSION = YES;
				CLANG_WARN_OBJC_ROOT_CLASS = YES_ERROR;
				CLANG_WARN_RANGE_LOOP_ANALYSIS = YES;
				CLANG_WARN_STRICT_PROTOTYPES = YES;
				CLANG_WARN_SUSPICIOUS_MOVE = YES;
				CLANG_WARN_UNGUARDED_AVAILABILITY = YES_AGGRESSIVE;
				CLANG_WARN_UNREACHABLE_CODE = YES;
				CLANG_WARN__DUPLICATE_METHOD_MATCH = YES;
				COPY_PHASE_STRIP = NO;
				DEBUG_INFORMATION_FORMAT = dwarf;
				ENABLE_STRICT_OBJC_MSGSEND = YES;
				ENABLE_TESTABILITY = YES;
				GCC_C_LANGUAGE_STANDARD = gnu11;
				GCC_DYNAMIC_NO_PIC = NO;
				GCC_NO_COMMON_BLOCKS = YES;
				GCC_OPTIMIZATION_LEVEL = 0;
				GCC_PREPROCESSOR_DEFINITIONS = (
					"DEBUG=1",
					"$(inherited)",
				);
				GCC_WARN_64_TO_32_BIT_CONVERSION = YES;
				GCC_WARN_ABOUT_RETURN_TYPE = YES_ERROR;
				GCC_WARN_UNDECLARED_SELECTOR = YES;
				GCC_WARN_UNINITIALIZED_AUTOS = YES_AGGRESSIVE;
				GCC_WARN_UNUSED_FUNCTION = YES;
				GCC_WARN_UNUSED_VARIABLE = YES;
				IPHONEOS_DEPLOYMENT_TARGET = 13.2;
				MTL_ENABLE_DEBUG_INFO = INCLUDE_SOURCE;
				MTL_FAST_MATH = YES;
				ONLY_ACTIVE_ARCH = YES;
				SDKROOT = iphoneos;
				SWIFT_ACTIVE_COMPILATION_CONDITIONS = DEBUG;
				SWIFT_OPTIMIZATION_LEVEL = "-Onone";
			};
			name = Debug;
		};
		4026EA2D23FC4943003637D8 /* Release */ = {
			isa = XCBuildConfiguration;
			buildSettings = {
				ALWAYS_SEARCH_USER_PATHS = NO;
				CLANG_ANALYZER_NONNULL = YES;
				CLANG_ANALYZER_NUMBER_OBJECT_CONVERSION = YES_AGGRESSIVE;
				CLANG_CXX_LANGUAGE_STANDARD = "gnu++14";
				CLANG_CXX_LIBRARY = "libc++";
				CLANG_ENABLE_MODULES = YES;
				CLANG_ENABLE_OBJC_ARC = YES;
				CLANG_ENABLE_OBJC_WEAK = YES;
				CLANG_WARN_BLOCK_CAPTURE_AUTORELEASING = YES;
				CLANG_WARN_BOOL_CONVERSION = YES;
				CLANG_WARN_COMMA = YES;
				CLANG_WARN_CONSTANT_CONVERSION = YES;
				CLANG_WARN_DEPRECATED_OBJC_IMPLEMENTATIONS = YES;
				CLANG_WARN_DIRECT_OBJC_ISA_USAGE = YES_ERROR;
				CLANG_WARN_DOCUMENTATION_COMMENTS = YES;
				CLANG_WARN_EMPTY_BODY = YES;
				CLANG_WARN_ENUM_CONVERSION = YES;
				CLANG_WARN_INFINITE_RECURSION = YES;
				CLANG_WARN_INT_CONVERSION = YES;
				CLANG_WARN_NON_LITERAL_NULL_CONVERSION = YES;
				CLANG_WARN_OBJC_IMPLICIT_RETAIN_SELF = YES;
				CLANG_WARN_OBJC_LITERAL_CONVERSION = YES;
				CLANG_WARN_OBJC_ROOT_CLASS = YES_ERROR;
				CLANG_WARN_RANGE_LOOP_ANALYSIS = YES;
				CLANG_WARN_STRICT_PROTOTYPES = YES;
				CLANG_WARN_SUSPICIOUS_MOVE = YES;
				CLANG_WARN_UNGUARDED_AVAILABILITY = YES_AGGRESSIVE;
				CLANG_WARN_UNREACHABLE_CODE = YES;
				CLANG_WARN__DUPLICATE_METHOD_MATCH = YES;
				COPY_PHASE_STRIP = NO;
				DEBUG_INFORMATION_FORMAT = "dwarf-with-dsym";
				ENABLE_NS_ASSERTIONS = NO;
				ENABLE_STRICT_OBJC_MSGSEND = YES;
				GCC_C_LANGUAGE_STANDARD = gnu11;
				GCC_NO_COMMON_BLOCKS = YES;
				GCC_WARN_64_TO_32_BIT_CONVERSION = YES;
				GCC_WARN_ABOUT_RETURN_TYPE = YES_ERROR;
				GCC_WARN_UNDECLARED_SELECTOR = YES;
				GCC_WARN_UNINITIALIZED_AUTOS = YES_AGGRESSIVE;
				GCC_WARN_UNUSED_FUNCTION = YES;
				GCC_WARN_UNUSED_VARIABLE = YES;
				IPHONEOS_DEPLOYMENT_TARGET = 13.2;
				MTL_ENABLE_DEBUG_INFO = NO;
				MTL_FAST_MATH = YES;
				SDKROOT = iphoneos;
				SWIFT_COMPILATION_MODE = wholemodule;
				SWIFT_OPTIMIZATION_LEVEL = "-O";
				VALIDATE_PRODUCT = YES;
			};
			name = Release;
		};
		4026EA2F23FC4943003637D8 /* Debug */ = {
			isa = XCBuildConfiguration;
			buildSettings = {
				ASSETCATALOG_COMPILER_APPICON_NAME = AppIcon;
				CODE_SIGN_STYLE = Automatic;
				INFOPLIST_FILE = "Multiple pages/Info.plist";
				LD_RUNPATH_SEARCH_PATHS = (
					"$(inherited)",
					"@executable_path/Frameworks",
				);
				PRODUCT_BUNDLE_IDENTIFIER = "first-try.Multiple-pages";
				PRODUCT_NAME = "$(TARGET_NAME)";
				SWIFT_VERSION = 5.0;
				TARGETED_DEVICE_FAMILY = "1,2";
			};
			name = Debug;
		};
		4026EA3023FC4943003637D8 /* Release */ = {
			isa = XCBuildConfiguration;
			buildSettings = {
				ASSETCATALOG_COMPILER_APPICON_NAME = AppIcon;
				CODE_SIGN_STYLE = Automatic;
				INFOPLIST_FILE = "Multiple pages/Info.plist";
				LD_RUNPATH_SEARCH_PATHS = (
					"$(inherited)",
					"@executable_path/Frameworks",
				);
				PRODUCT_BUNDLE_IDENTIFIER = "first-try.Multiple-pages";
				PRODUCT_NAME = "$(TARGET_NAME)";
				SWIFT_VERSION = 5.0;
				TARGETED_DEVICE_FAMILY = "1,2";
			};
			name = Release;
		};
		4026EA3223FC4943003637D8 /* Debug */ = {
			isa = XCBuildConfiguration;
			buildSettings = {
				ALWAYS_EMBED_SWIFT_STANDARD_LIBRARIES = YES;
				BUNDLE_LOADER = "$(TEST_HOST)";
				CODE_SIGN_STYLE = Automatic;
				INFOPLIST_FILE = "Multiple pagesTests/Info.plist";
				IPHONEOS_DEPLOYMENT_TARGET = 13.2;
				LD_RUNPATH_SEARCH_PATHS = (
					"$(inherited)",
					"@executable_path/Frameworks",
					"@loader_path/Frameworks",
				);
				PRODUCT_BUNDLE_IDENTIFIER = "first-try.Multiple-pagesTests";
				PRODUCT_NAME = "$(TARGET_NAME)";
				SWIFT_VERSION = 5.0;
				TARGETED_DEVICE_FAMILY = "1,2";
				TEST_HOST = "$(BUILT_PRODUCTS_DIR)/Multiple pages.app/Multiple pages";
			};
			name = Debug;
		};
		4026EA3323FC4943003637D8 /* Release */ = {
			isa = XCBuildConfiguration;
			buildSettings = {
				ALWAYS_EMBED_SWIFT_STANDARD_LIBRARIES = YES;
				BUNDLE_LOADER = "$(TEST_HOST)";
				CODE_SIGN_STYLE = Automatic;
				INFOPLIST_FILE = "Multiple pagesTests/Info.plist";
				IPHONEOS_DEPLOYMENT_TARGET = 13.2;
				LD_RUNPATH_SEARCH_PATHS = (
					"$(inherited)",
					"@executable_path/Frameworks",
					"@loader_path/Frameworks",
				);
				PRODUCT_BUNDLE_IDENTIFIER = "first-try.Multiple-pagesTests";
				PRODUCT_NAME = "$(TARGET_NAME)";
				SWIFT_VERSION = 5.0;
				TARGETED_DEVICE_FAMILY = "1,2";
				TEST_HOST = "$(BUILT_PRODUCTS_DIR)/Multiple pages.app/Multiple pages";
			};
			name = Release;
		};
		4026EA3523FC4943003637D8 /* Debug */ = {
			isa = XCBuildConfiguration;
			buildSettings = {
				ALWAYS_EMBED_SWIFT_STANDARD_LIBRARIES = YES;
				CODE_SIGN_STYLE = Automatic;
				INFOPLIST_FILE = "Multiple pagesUITests/Info.plist";
				LD_RUNPATH_SEARCH_PATHS = (
					"$(inherited)",
					"@executable_path/Frameworks",
					"@loader_path/Frameworks",
				);
				PRODUCT_BUNDLE_IDENTIFIER = "first-try.Multiple-pagesUITests";
				PRODUCT_NAME = "$(TARGET_NAME)";
				SWIFT_VERSION = 5.0;
				TARGETED_DEVICE_FAMILY = "1,2";
				TEST_TARGET_NAME = "Multiple pages";
			};
			name = Debug;
		};
		4026EA3623FC4943003637D8 /* Release */ = {
			isa = XCBuildConfiguration;
			buildSettings = {
				ALWAYS_EMBED_SWIFT_STANDARD_LIBRARIES = YES;
				CODE_SIGN_STYLE = Automatic;
				INFOPLIST_FILE = "Multiple pagesUITests/Info.plist";
				LD_RUNPATH_SEARCH_PATHS = (
					"$(inherited)",
					"@executable_path/Frameworks",
					"@loader_path/Frameworks",
				);
				PRODUCT_BUNDLE_IDENTIFIER = "first-try.Multiple-pagesUITests";
				PRODUCT_NAME = "$(TARGET_NAME)";
				SWIFT_VERSION = 5.0;
				TARGETED_DEVICE_FAMILY = "1,2";
				TEST_TARGET_NAME = "Multiple pages";
			};
			name = Release;
		};
/* End XCBuildConfiguration section */

/* Begin XCConfigurationList section */
		4026E9FF23FC493E003637D8 /* Build configuration list for PBXProject "Multiple pages" */ = {
			isa = XCConfigurationList;
			buildConfigurations = (
				4026EA2C23FC4943003637D8 /* Debug */,
				4026EA2D23FC4943003637D8 /* Release */,
			);
			defaultConfigurationIsVisible = 0;
			defaultConfigurationName = Release;
		};
		4026EA2E23FC4943003637D8 /* Build configuration list for PBXNativeTarget "Multiple pages" */ = {
			isa = XCConfigurationList;
			buildConfigurations = (
				4026EA2F23FC4943003637D8 /* Debug */,
				4026EA3023FC4943003637D8 /* Release */,
			);
			defaultConfigurationIsVisible = 0;
			defaultConfigurationName = Release;
		};
		4026EA3123FC4943003637D8 /* Build configuration list for PBXNativeTarget "Multiple pagesTests" */ = {
			isa = XCConfigurationList;
			buildConfigurations = (
				4026EA3223FC4943003637D8 /* Debug */,
				4026EA3323FC4943003637D8 /* Release */,
			);
			defaultConfigurationIsVisible = 0;
			defaultConfigurationName = Release;
		};
		4026EA3423FC4943003637D8 /* Build configuration list for PBXNativeTarget "Multiple pagesUITests" */ = {
			isa = XCConfigurationList;
			buildConfigurations = (
				4026EA3523FC4943003637D8 /* Debug */,
				4026EA3623FC4943003637D8 /* Release */,
			);
			defaultConfigurationIsVisible = 0;
			defaultConfigurationName = Release;
		};
/* End XCConfigurationList section */
	};
	rootObject = 4026E9FC23FC493E003637D8 /* Project object */;
}
