// !$*UTF8*$!
{
	archiveVersion = 1;
	classes = {
	};
	objectVersion = 50;
	objects = {

/* Begin PBXBuildFile section */
		40EC145023DA117D008E6849 /* AppDelegate.swift in Sources */ = {isa = PBXBuildFile; fileRef = 40EC144F23DA117D008E6849 /* AppDelegate.swift */; };
		40EC145223DA117D008E6849 /* SceneDelegate.swift in Sources */ = {isa = PBXBuildFile; fileRef = 40EC145123DA117D008E6849 /* SceneDelegate.swift */; };
		40EC145423DA117D008E6849 /* ContentView.swift in Sources */ = {isa = PBXBuildFile; fileRef = 40EC145323DA117D008E6849 /* ContentView.swift */; };
		40EC145623DA1181008E6849 /* Assets.xcassets in Resources */ = {isa = PBXBuildFile; fileRef = 40EC145523DA1181008E6849 /* Assets.xcassets */; };
		40EC145923DA1181008E6849 /* Preview Assets.xcassets in Resources */ = {isa = PBXBuildFile; fileRef = 40EC145823DA1181008E6849 /* Preview Assets.xcassets */; };
		40EC145C23DA1181008E6849 /* LaunchScreen.storyboard in Resources */ = {isa = PBXBuildFile; fileRef = 40EC145A23DA1181008E6849 /* LaunchScreen.storyboard */; };
		40EC146723DA1181008E6849 /* Owen_Sabol__Tests.swift in Sources */ = {isa = PBXBuildFile; fileRef = 40EC146623DA1181008E6849 /* Owen_Sabol__Tests.swift */; };
		40EC147223DA1181008E6849 /* Owen_Sabol__UITests.swift in Sources */ = {isa = PBXBuildFile; fileRef = 40EC147123DA1181008E6849 /* Owen_Sabol__UITests.swift */; };
/* End PBXBuildFile section */

/* Begin PBXContainerItemProxy section */
		40EC146323DA1181008E6849 /* PBXContainerItemProxy */ = {
			isa = PBXContainerItemProxy;
			containerPortal = 40EC144423DA117C008E6849 /* Project object */;
			proxyType = 1;
			remoteGlobalIDString = 40EC144B23DA117C008E6849;
			remoteInfo = "Owen Sabol ?";
		};
		40EC146E23DA1181008E6849 /* PBXContainerItemProxy */ = {
			isa = PBXContainerItemProxy;
			containerPortal = 40EC144423DA117C008E6849 /* Project object */;
			proxyType = 1;
			remoteGlobalIDString = 40EC144B23DA117C008E6849;
			remoteInfo = "Owen Sabol ?";
		};
/* End PBXContainerItemProxy section */

/* Begin PBXFileReference section */
		40EC144C23DA117D008E6849 /* Owen Sabol ?.app */ = {isa = PBXFileReference; explicitFileType = wrapper.application; includeInIndex = 0; path = "Owen Sabol ?.app"; sourceTree = BUILT_PRODUCTS_DIR; };
		40EC144F23DA117D008E6849 /* AppDelegate.swift */ = {isa = PBXFileReference; lastKnownFileType = sourcecode.swift; path = AppDelegate.swift; sourceTree = "<group>"; };
		40EC145123DA117D008E6849 /* SceneDelegate.swift */ = {isa = PBXFileReference; lastKnownFileType = sourcecode.swift; path = SceneDelegate.swift; sourceTree = "<group>"; };
		40EC145323DA117D008E6849 /* ContentView.swift */ = {isa = PBXFileReference; lastKnownFileType = sourcecode.swift; path = ContentView.swift; sourceTree = "<group>"; };
		40EC145523DA1181008E6849 /* Assets.xcassets */ = {isa = PBXFileReference; lastKnownFileType = folder.assetcatalog; path = Assets.xcassets; sourceTree = "<group>"; };
		40EC145823DA1181008E6849 /* Preview Assets.xcassets */ = {isa = PBXFileReference; lastKnownFileType = folder.assetcatalog; path = "Preview Assets.xcassets"; sourceTree = "<group>"; };
		40EC145B23DA1181008E6849 /* Base */ = {isa = PBXFileReference; lastKnownFileType = file.storyboard; name = Base; path = Base.lproj/LaunchScreen.storyboard; sourceTree = "<group>"; };
		40EC145D23DA1181008E6849 /* Info.plist */ = {isa = PBXFileReference; lastKnownFileType = text.plist.xml; path = Info.plist; sourceTree = "<group>"; };
		40EC146223DA1181008E6849 /* Owen Sabol ?Tests.xctest */ = {isa = PBXFileReference; explicitFileType = wrapper.cfbundle; includeInIndex = 0; path = "Owen Sabol ?Tests.xctest"; sourceTree = BUILT_PRODUCTS_DIR; };
		40EC146623DA1181008E6849 /* Owen_Sabol__Tests.swift */ = {isa = PBXFileReference; lastKnownFileType = sourcecode.swift; path = Owen_Sabol__Tests.swift; sourceTree = "<group>"; };
		40EC146823DA1181008E6849 /* Info.plist */ = {isa = PBXFileReference; lastKnownFileType = text.plist.xml; path = Info.plist; sourceTree = "<group>"; };
		40EC146D23DA1181008E6849 /* Owen Sabol ?UITests.xctest */ = {isa = PBXFileReference; explicitFileType = wrapper.cfbundle; includeInIndex = 0; path = "Owen Sabol ?UITests.xctest"; sourceTree = BUILT_PRODUCTS_DIR; };
		40EC147123DA1181008E6849 /* Owen_Sabol__UITests.swift */ = {isa = PBXFileReference; lastKnownFileType = sourcecode.swift; path = Owen_Sabol__UITests.swift; sourceTree = "<group>"; };
		40EC147323DA1181008E6849 /* Info.plist */ = {isa = PBXFileReference; lastKnownFileType = text.plist.xml; path = Info.plist; sourceTree = "<group>"; };
/* End PBXFileReference section */

/* Begin PBXFrameworksBuildPhase section */
		40EC144923DA117C008E6849 /* Frameworks */ = {
			isa = PBXFrameworksBuildPhase;
			buildActionMask = 2147483647;
			files = (
			);
			runOnlyForDeploymentPostprocessing = 0;
		};
		40EC145F23DA1181008E6849 /* Frameworks */ = {
			isa = PBXFrameworksBuildPhase;
			buildActionMask = 2147483647;
			files = (
			);
			runOnlyForDeploymentPostprocessing = 0;
		};
		40EC146A23DA1181008E6849 /* Frameworks */ = {
			isa = PBXFrameworksBuildPhase;
			buildActionMask = 2147483647;
			files = (
			);
			runOnlyForDeploymentPostprocessing = 0;
		};
/* End PBXFrameworksBuildPhase section */

/* Begin PBXGroup section */
		40EC144323DA117C008E6849 = {
			isa = PBXGroup;
			children = (
				40EC144E23DA117D008E6849 /* Owen Sabol ? */,
				40EC146523DA1181008E6849 /* Owen Sabol ?Tests */,
				40EC147023DA1181008E6849 /* Owen Sabol ?UITests */,
				40EC144D23DA117D008E6849 /* Products */,
			);
			sourceTree = "<group>";
		};
		40EC144D23DA117D008E6849 /* Products */ = {
			isa = PBXGroup;
			children = (
				40EC144C23DA117D008E6849 /* Owen Sabol ?.app */,
				40EC146223DA1181008E6849 /* Owen Sabol ?Tests.xctest */,
				40EC146D23DA1181008E6849 /* Owen Sabol ?UITests.xctest */,
			);
			name = Products;
			sourceTree = "<group>";
		};
		40EC144E23DA117D008E6849 /* Owen Sabol ? */ = {
			isa = PBXGroup;
			children = (
				40EC144F23DA117D008E6849 /* AppDelegate.swift */,
				40EC145123DA117D008E6849 /* SceneDelegate.swift */,
				40EC145323DA117D008E6849 /* ContentView.swift */,
				40EC145523DA1181008E6849 /* Assets.xcassets */,
				40EC145A23DA1181008E6849 /* LaunchScreen.storyboard */,
				40EC145D23DA1181008E6849 /* Info.plist */,
				40EC145723DA1181008E6849 /* Preview Content */,
			);
			path = "Owen Sabol ?";
			sourceTree = "<group>";
		};
		40EC145723DA1181008E6849 /* Preview Content */ = {
			isa = PBXGroup;
			children = (
				40EC145823DA1181008E6849 /* Preview Assets.xcassets */,
			);
			path = "Preview Content";
			sourceTree = "<group>";
		};
		40EC146523DA1181008E6849 /* Owen Sabol ?Tests */ = {
			isa = PBXGroup;
			children = (
				40EC146623DA1181008E6849 /* Owen_Sabol__Tests.swift */,
				40EC146823DA1181008E6849 /* Info.plist */,
			);
			path = "Owen Sabol ?Tests";
			sourceTree = "<group>";
		};
		40EC147023DA1181008E6849 /* Owen Sabol ?UITests */ = {
			isa = PBXGroup;
			children = (
				40EC147123DA1181008E6849 /* Owen_Sabol__UITests.swift */,
				40EC147323DA1181008E6849 /* Info.plist */,
			);
			path = "Owen Sabol ?UITests";
			sourceTree = "<group>";
		};
/* End PBXGroup section */

/* Begin PBXNativeTarget section */
		40EC144B23DA117C008E6849 /* Owen Sabol ? */ = {
			isa = PBXNativeTarget;
			buildConfigurationList = 40EC147623DA1181008E6849 /* Build configuration list for PBXNativeTarget "Owen Sabol ?" */;
			buildPhases = (
				40EC144823DA117C008E6849 /* Sources */,
				40EC144923DA117C008E6849 /* Frameworks */,
				40EC144A23DA117C008E6849 /* Resources */,
			);
			buildRules = (
			);
			dependencies = (
			);
			name = "Owen Sabol ?";
			productName = "Owen Sabol ?";
			productReference = 40EC144C23DA117D008E6849 /* Owen Sabol ?.app */;
			productType = "com.apple.product-type.application";
		};
		40EC146123DA1181008E6849 /* Owen Sabol ?Tests */ = {
			isa = PBXNativeTarget;
			buildConfigurationList = 40EC147923DA1181008E6849 /* Build configuration list for PBXNativeTarget "Owen Sabol ?Tests" */;
			buildPhases = (
				40EC145E23DA1181008E6849 /* Sources */,
				40EC145F23DA1181008E6849 /* Frameworks */,
				40EC146023DA1181008E6849 /* Resources */,
			);
			buildRules = (
			);
			dependencies = (
				40EC146423DA1181008E6849 /* PBXTargetDependency */,
			);
			name = "Owen Sabol ?Tests";
			productName = "Owen Sabol ?Tests";
			productReference = 40EC146223DA1181008E6849 /* Owen Sabol ?Tests.xctest */;
			productType = "com.apple.product-type.bundle.unit-test";
		};
		40EC146C23DA1181008E6849 /* Owen Sabol ?UITests */ = {
			isa = PBXNativeTarget;
			buildConfigurationList = 40EC147C23DA1181008E6849 /* Build configuration list for PBXNativeTarget "Owen Sabol ?UITests" */;
			buildPhases = (
				40EC146923DA1181008E6849 /* Sources */,
				40EC146A23DA1181008E6849 /* Frameworks */,
				40EC146B23DA1181008E6849 /* Resources */,
			);
			buildRules = (
			);
			dependencies = (
				40EC146F23DA1181008E6849 /* PBXTargetDependency */,
			);
			name = "Owen Sabol ?UITests";
			productName = "Owen Sabol ?UITests";
			productReference = 40EC146D23DA1181008E6849 /* Owen Sabol ?UITests.xctest */;
			productType = "com.apple.product-type.bundle.ui-testing";
		};
/* End PBXNativeTarget section */

/* Begin PBXProject section */
		40EC144423DA117C008E6849 /* Project object */ = {
			isa = PBXProject;
			attributes = {
				LastSwiftUpdateCheck = 1130;
				LastUpgradeCheck = 1130;
				ORGANIZATIONNAME = "Owen Sabol";
				TargetAttributes = {
					40EC144B23DA117C008E6849 = {
						CreatedOnToolsVersion = 11.3.1;
					};
					40EC146123DA1181008E6849 = {
						CreatedOnToolsVersion = 11.3.1;
						TestTargetID = 40EC144B23DA117C008E6849;
					};
					40EC146C23DA1181008E6849 = {
						CreatedOnToolsVersion = 11.3.1;
						TestTargetID = 40EC144B23DA117C008E6849;
					};
				};
			};
			buildConfigurationList = 40EC144723DA117C008E6849 /* Build configuration list for PBXProject "Owen Sabol ?" */;
			compatibilityVersion = "Xcode 9.3";
			developmentRegion = en;
			hasScannedForEncodings = 0;
			knownRegions = (
				en,
				Base,
			);
			mainGroup = 40EC144323DA117C008E6849;
			productRefGroup = 40EC144D23DA117D008E6849 /* Products */;
			projectDirPath = "";
			projectRoot = "";
			targets = (
				40EC144B23DA117C008E6849 /* Owen Sabol ? */,
				40EC146123DA1181008E6849 /* Owen Sabol ?Tests */,
				40EC146C23DA1181008E6849 /* Owen Sabol ?UITests */,
			);
		};
/* End PBXProject section */

/* Begin PBXResourcesBuildPhase section */
		40EC144A23DA117C008E6849 /* Resources */ = {
			isa = PBXResourcesBuildPhase;
			buildActionMask = 2147483647;
			files = (
				40EC145C23DA1181008E6849 /* LaunchScreen.storyboard in Resources */,
				40EC145923DA1181008E6849 /* Preview Assets.xcassets in Resources */,
				40EC145623DA1181008E6849 /* Assets.xcassets in Resources */,
			);
			runOnlyForDeploymentPostprocessing = 0;
		};
		40EC146023DA1181008E6849 /* Resources */ = {
			isa = PBXResourcesBuildPhase;
			buildActionMask = 2147483647;
			files = (
			);
			runOnlyForDeploymentPostprocessing = 0;
		};
		40EC146B23DA1181008E6849 /* Resources */ = {
			isa = PBXResourcesBuildPhase;
			buildActionMask = 2147483647;
			files = (
			);
			runOnlyForDeploymentPostprocessing = 0;
		};
/* End PBXResourcesBuildPhase section */

/* Begin PBXSourcesBuildPhase section */
		40EC144823DA117C008E6849 /* Sources */ = {
			isa = PBXSourcesBuildPhase;
			buildActionMask = 2147483647;
			files = (
				40EC145023DA117D008E6849 /* AppDelegate.swift in Sources */,
				40EC145223DA117D008E6849 /* SceneDelegate.swift in Sources */,
				40EC145423DA117D008E6849 /* ContentView.swift in Sources */,
			);
			runOnlyForDeploymentPostprocessing = 0;
		};
		40EC145E23DA1181008E6849 /* Sources */ = {
			isa = PBXSourcesBuildPhase;
			buildActionMask = 2147483647;
			files = (
				40EC146723DA1181008E6849 /* Owen_Sabol__Tests.swift in Sources */,
			);
			runOnlyForDeploymentPostprocessing = 0;
		};
		40EC146923DA1181008E6849 /* Sources */ = {
			isa = PBXSourcesBuildPhase;
			buildActionMask = 2147483647;
			files = (
				40EC147223DA1181008E6849 /* Owen_Sabol__UITests.swift in Sources */,
			);
			runOnlyForDeploymentPostprocessing = 0;
		};
/* End PBXSourcesBuildPhase section */

/* Begin PBXTargetDependency section */
		40EC146423DA1181008E6849 /* PBXTargetDependency */ = {
			isa = PBXTargetDependency;
			target = 40EC144B23DA117C008E6849 /* Owen Sabol ? */;
			targetProxy = 40EC146323DA1181008E6849 /* PBXContainerItemProxy */;
		};
		40EC146F23DA1181008E6849 /* PBXTargetDependency */ = {
			isa = PBXTargetDependency;
			target = 40EC144B23DA117C008E6849 /* Owen Sabol ? */;
			targetProxy = 40EC146E23DA1181008E6849 /* PBXContainerItemProxy */;
		};
/* End PBXTargetDependency section */

/* Begin PBXVariantGroup section */
		40EC145A23DA1181008E6849 /* LaunchScreen.storyboard */ = {
			isa = PBXVariantGroup;
			children = (
				40EC145B23DA1181008E6849 /* Base */,
			);
			name = LaunchScreen.storyboard;
			sourceTree = "<group>";
		};
/* End PBXVariantGroup section */

/* Begin XCBuildConfiguration section */
		40EC147423DA1181008E6849 /* Debug */ = {
			isa = XCBuildConfiguration;
			buildSettings = {
				ALWAYS_SEARCH_USER_PATHS = NO;
				CLANG_ANALYZER_NONNULL = YES;
				CLANG_ANALYZER_NUMBER_OBJECT_CONVERSION = YES_AGGRESSIVE;
				CLANG_CXX_LANGUAGE_STANDARD = "gnu++14";
				CLANG_CXX_LIBRARY = "libc++";
				CLANG_ENABLE_MODULES = YES;
				CLANG_ENABLE_OBJC_ARC = YES;
				CLANG_ENABLE_OBJC_WEAK = YES;
				CLANG_WARN_BLOCK_CAPTURE_AUTORELEASING = YES;
				CLANG_WARN_BOOL_CONVERSION = YES;
				CLANG_WARN_COMMA = YES;
				CLANG_WARN_CONSTANT_CONVERSION = YES;
				CLANG_WARN_DEPRECATED_OBJC_IMPLEMENTATIONS = YES;
				CLANG_WARN_DIRECT_OBJC_ISA_USAGE = YES_ERROR;
				CLANG_WARN_DOCUMENTATION_COMMENTS = YES;
				CLANG_WARN_EMPTY_BODY = YES;
				CLANG_WARN_ENUM_CONVERSION = YES;
				CLANG_WARN_INFINITE_RECURSION = YES;
				CLANG_WARN_INT_CONVERSION = YES;
				CLANG_WARN_NON_LITERAL_NULL_CONVERSION = YES;
				CLANG_WARN_OBJC_IMPLICIT_RETAIN_SELF = YES;
				CLANG_WARN_OBJC_LITERAL_CONVERSION = YES;
				CLANG_WARN_OBJC_ROOT_CLASS = YES_ERROR;
				CLANG_WARN_RANGE_LOOP_ANALYSIS = YES;
				CLANG_WARN_STRICT_PROTOTYPES = YES;
				CLANG_WARN_SUSPICIOUS_MOVE = YES;
				CLANG_WARN_UNGUARDED_AVAILABILITY = YES_AGGRESSIVE;
				CLANG_WARN_UNREACHABLE_CODE = YES;
				CLANG_WARN__DUPLICATE_METHOD_MATCH = YES;
				COPY_PHASE_STRIP = NO;
				DEBUG_INFORMATION_FORMAT = dwarf;
				ENABLE_STRICT_OBJC_MSGSEND = YES;
				ENABLE_TESTABILITY = YES;
				GCC_C_LANGUAGE_STANDARD = gnu11;
				GCC_DYNAMIC_NO_PIC = NO;
				GCC_NO_COMMON_BLOCKS = YES;
				GCC_OPTIMIZATION_LEVEL = 0;
				GCC_PREPROCESSOR_DEFINITIONS = (
					"DEBUG=1",
					"$(inherited)",
				);
				GCC_WARN_64_TO_32_BIT_CONVERSION = YES;
				GCC_WARN_ABOUT_RETURN_TYPE = YES_ERROR;
				GCC_WARN_UNDECLARED_SELECTOR = YES;
				GCC_WARN_UNINITIALIZED_AUTOS = YES_AGGRESSIVE;
				GCC_WARN_UNUSED_FUNCTION = YES;
				GCC_WARN_UNUSED_VARIABLE = YES;
				IPHONEOS_DEPLOYMENT_TARGET = 13.2;
				MTL_ENABLE_DEBUG_INFO = INCLUDE_SOURCE;
				MTL_FAST_MATH = YES;
				ONLY_ACTIVE_ARCH = YES;
				SDKROOT = iphoneos;
				SWIFT_ACTIVE_COMPILATION_CONDITIONS = DEBUG;
				SWIFT_OPTIMIZATION_LEVEL = "-Onone";
			};
			name = Debug;
		};
		40EC147523DA1181008E6849 /* Release */ = {
			isa = XCBuildConfiguration;
			buildSettings = {
				ALWAYS_SEARCH_USER_PATHS = NO;
				CLANG_ANALYZER_NONNULL = YES;
				CLANG_ANALYZER_NUMBER_OBJECT_CONVERSION = YES_AGGRESSIVE;
				CLANG_CXX_LANGUAGE_STANDARD = "gnu++14";
				CLANG_CXX_LIBRARY = "libc++";
				CLANG_ENABLE_MODULES = YES;
				CLANG_ENABLE_OBJC_ARC = YES;
				CLANG_ENABLE_OBJC_WEAK = YES;
				CLANG_WARN_BLOCK_CAPTURE_AUTORELEASING = YES;
				CLANG_WARN_BOOL_CONVERSION = YES;
				CLANG_WARN_COMMA = YES;
				CLANG_WARN_CONSTANT_CONVERSION = YES;
				CLANG_WARN_DEPRECATED_OBJC_IMPLEMENTATIONS = YES;
				CLANG_WARN_DIRECT_OBJC_ISA_USAGE = YES_ERROR;
				CLANG_WARN_DOCUMENTATION_COMMENTS = YES;
				CLANG_WARN_EMPTY_BODY = YES;
				CLANG_WARN_ENUM_CONVERSION = YES;
				CLANG_WARN_INFINITE_RECURSION = YES;
				CLANG_WARN_INT_CONVERSION = YES;
				CLANG_WARN_NON_LITERAL_NULL_CONVERSION = YES;
				CLANG_WARN_OBJC_IMPLICIT_RETAIN_SELF = YES;
				CLANG_WARN_OBJC_LITERAL_CONVERSION = YES;
				CLANG_WARN_OBJC_ROOT_CLASS = YES_ERROR;
				CLANG_WARN_RANGE_LOOP_ANALYSIS = YES;
				CLANG_WARN_STRICT_PROTOTYPES = YES;
				CLANG_WARN_SUSPICIOUS_MOVE = YES;
				CLANG_WARN_UNGUARDED_AVAILABILITY = YES_AGGRESSIVE;
				CLANG_WARN_UNREACHABLE_CODE = YES;
				CLANG_WARN__DUPLICATE_METHOD_MATCH = YES;
				COPY_PHASE_STRIP = NO;
				DEBUG_INFORMATION_FORMAT = "dwarf-with-dsym";
				ENABLE_NS_ASSERTIONS = NO;
				ENABLE_STRICT_OBJC_MSGSEND = YES;
				GCC_C_LANGUAGE_STANDARD = gnu11;
				GCC_NO_COMMON_BLOCKS = YES;
				GCC_WARN_64_TO_32_BIT_CONVERSION = YES;
				GCC_WARN_ABOUT_RETURN_TYPE = YES_ERROR;
				GCC_WARN_UNDECLARED_SELECTOR = YES;
				GCC_WARN_UNINITIALIZED_AUTOS = YES_AGGRESSIVE;
				GCC_WARN_UNUSED_FUNCTION = YES;
				GCC_WARN_UNUSED_VARIABLE = YES;
				IPHONEOS_DEPLOYMENT_TARGET = 13.2;
				MTL_ENABLE_DEBUG_INFO = NO;
				MTL_FAST_MATH = YES;
				SDKROOT = iphoneos;
				SWIFT_COMPILATION_MODE = wholemodule;
				SWIFT_OPTIMIZATION_LEVEL = "-O";
				VALIDATE_PRODUCT = YES;
			};
			name = Release;
		};
		40EC147723DA1181008E6849 /* Debug */ = {
			isa = XCBuildConfiguration;
			buildSettings = {
				ASSETCATALOG_COMPILER_APPICON_NAME = AppIcon;
				CODE_SIGN_STYLE = Automatic;
				DEVELOPMENT_ASSET_PATHS = "\"Owen Sabol ?/Preview Content\"";
				ENABLE_PREVIEWS = YES;
				INFOPLIST_FILE = "Owen Sabol ?/Info.plist";
				LD_RUNPATH_SEARCH_PATHS = (
					"$(inherited)",
					"@executable_path/Frameworks",
				);
				PRODUCT_BUNDLE_IDENTIFIER = "first-try.Owen-Sabol--";
				PRODUCT_NAME = "$(TARGET_NAME)";
				SWIFT_VERSION = 5.0;
				TARGETED_DEVICE_FAMILY = "1,2";
			};
			name = Debug;
		};
		40EC147823DA1181008E6849 /* Release */ = {
			isa = XCBuildConfiguration;
			buildSettings = {
				ASSETCATALOG_COMPILER_APPICON_NAME = AppIcon;
				CODE_SIGN_STYLE = Automatic;
				DEVELOPMENT_ASSET_PATHS = "\"Owen Sabol ?/Preview Content\"";
				ENABLE_PREVIEWS = YES;
				INFOPLIST_FILE = "Owen Sabol ?/Info.plist";
				LD_RUNPATH_SEARCH_PATHS = (
					"$(inherited)",
					"@executable_path/Frameworks",
				);
				PRODUCT_BUNDLE_IDENTIFIER = "first-try.Owen-Sabol--";
				PRODUCT_NAME = "$(TARGET_NAME)";
				SWIFT_VERSION = 5.0;
				TARGETED_DEVICE_FAMILY = "1,2";
			};
			name = Release;
		};
		40EC147A23DA1181008E6849 /* Debug */ = {
			isa = XCBuildConfiguration;
			buildSettings = {
				ALWAYS_EMBED_SWIFT_STANDARD_LIBRARIES = YES;
				BUNDLE_LOADER = "$(TEST_HOST)";
				CODE_SIGN_STYLE = Automatic;
				INFOPLIST_FILE = "Owen Sabol ?Tests/Info.plist";
				IPHONEOS_DEPLOYMENT_TARGET = 13.2;
				LD_RUNPATH_SEARCH_PATHS = (
					"$(inherited)",
					"@executable_path/Frameworks",
					"@loader_path/Frameworks",
				);
				PRODUCT_BUNDLE_IDENTIFIER = "first-try.Owen-Sabol--Tests";
				PRODUCT_NAME = "$(TARGET_NAME)";
				SWIFT_VERSION = 5.0;
				TARGETED_DEVICE_FAMILY = "1,2";
				TEST_HOST = "$(BUILT_PRODUCTS_DIR)/Owen Sabol ?.app/Owen Sabol ?";
			};
			name = Debug;
		};
		40EC147B23DA1181008E6849 /* Release */ = {
			isa = XCBuildConfiguration;
			buildSettings = {
				ALWAYS_EMBED_SWIFT_STANDARD_LIBRARIES = YES;
				BUNDLE_LOADER = "$(TEST_HOST)";
				CODE_SIGN_STYLE = Automatic;
				INFOPLIST_FILE = "Owen Sabol ?Tests/Info.plist";
				IPHONEOS_DEPLOYMENT_TARGET = 13.2;
				LD_RUNPATH_SEARCH_PATHS = (
					"$(inherited)",
					"@executable_path/Frameworks",
					"@loader_path/Frameworks",
				);
				PRODUCT_BUNDLE_IDENTIFIER = "first-try.Owen-Sabol--Tests";
				PRODUCT_NAME = "$(TARGET_NAME)";
				SWIFT_VERSION = 5.0;
				TARGETED_DEVICE_FAMILY = "1,2";
				TEST_HOST = "$(BUILT_PRODUCTS_DIR)/Owen Sabol ?.app/Owen Sabol ?";
			};
			name = Release;
		};
		40EC147D23DA1181008E6849 /* Debug */ = {
			isa = XCBuildConfiguration;
			buildSettings = {
				ALWAYS_EMBED_SWIFT_STANDARD_LIBRARIES = YES;
				CODE_SIGN_STYLE = Automatic;
				INFOPLIST_FILE = "Owen Sabol ?UITests/Info.plist";
				LD_RUNPATH_SEARCH_PATHS = (
					"$(inherited)",
					"@executable_path/Frameworks",
					"@loader_path/Frameworks",
				);
				PRODUCT_BUNDLE_IDENTIFIER = "first-try.Owen-Sabol--UITests";
				PRODUCT_NAME = "$(TARGET_NAME)";
				SWIFT_VERSION = 5.0;
				TARGETED_DEVICE_FAMILY = "1,2";
				TEST_TARGET_NAME = "Owen Sabol ?";
			};
			name = Debug;
		};
		40EC147E23DA1181008E6849 /* Release */ = {
			isa = XCBuildConfiguration;
			buildSettings = {
				ALWAYS_EMBED_SWIFT_STANDARD_LIBRARIES = YES;
				CODE_SIGN_STYLE = Automatic;
				INFOPLIST_FILE = "Owen Sabol ?UITests/Info.plist";
				LD_RUNPATH_SEARCH_PATHS = (
					"$(inherited)",
					"@executable_path/Frameworks",
					"@loader_path/Frameworks",
				);
				PRODUCT_BUNDLE_IDENTIFIER = "first-try.Owen-Sabol--UITests";
				PRODUCT_NAME = "$(TARGET_NAME)";
				SWIFT_VERSION = 5.0;
				TARGETED_DEVICE_FAMILY = "1,2";
				TEST_TARGET_NAME = "Owen Sabol ?";
			};
			name = Release;
		};
/* End XCBuildConfiguration section */

/* Begin XCConfigurationList section */
		40EC144723DA117C008E6849 /* Build configuration list for PBXProject "Owen Sabol ?" */ = {
			isa = XCConfigurationList;
			buildConfigurations = (
				40EC147423DA1181008E6849 /* Debug */,
				40EC147523DA1181008E6849 /* Release */,
			);
			defaultConfigurationIsVisible = 0;
			defaultConfigurationName = Release;
		};
		40EC147623DA1181008E6849 /* Build configuration list for PBXNativeTarget "Owen Sabol ?" */ = {
			isa = XCConfigurationList;
			buildConfigurations = (
				40EC147723DA1181008E6849 /* Debug */,
				40EC147823DA1181008E6849 /* Release */,
			);
			defaultConfigurationIsVisible = 0;
			defaultConfigurationName = Release;
		};
		40EC147923DA1181008E6849 /* Build configuration list for PBXNativeTarget "Owen Sabol ?Tests" */ = {
			isa = XCConfigurationList;
			buildConfigurations = (
				40EC147A23DA1181008E6849 /* Debug */,
				40EC147B23DA1181008E6849 /* Release */,
			);
			defaultConfigurationIsVisible = 0;
			defaultConfigurationName = Release;
		};
		40EC147C23DA1181008E6849 /* Build configuration list for PBXNativeTarget "Owen Sabol ?UITests" */ = {
			isa = XCConfigurationList;
			buildConfigurations = (
				40EC147D23DA1181008E6849 /* Debug */,
				40EC147E23DA1181008E6849 /* Release */,
			);
			defaultConfigurationIsVisible = 0;
			defaultConfigurationName = Release;
		};
/* End XCConfigurationList section */
	};
	rootObject = 40EC144423DA117C008E6849 /* Project object */;
}
