// !$*UTF8*$!
{
	archiveVersion = 1;
	classes = {
	};
	objectVersion = 50;
	objects = {

/* Begin PBXBuildFile section */
		40861020245FD1BA00996E82 /* AppDelegate.swift in Sources */ = {isa = PBXBuildFile; fileRef = 4086101F245FD1BA00996E82 /* AppDelegate.swift */; };
		40861022245FD1BA00996E82 /* SceneDelegate.swift in Sources */ = {isa = PBXBuildFile; fileRef = 40861021245FD1BA00996E82 /* SceneDelegate.swift */; };
		40861024245FD1BA00996E82 /* ViewController.swift in Sources */ = {isa = PBXBuildFile; fileRef = 40861023245FD1BA00996E82 /* ViewController.swift */; };
		40861027245FD1BA00996E82 /* Main.storyboard in Resources */ = {isa = PBXBuildFile; fileRef = 40861025245FD1BA00996E82 /* Main.storyboard */; };
		40861029245FD1BC00996E82 /* Assets.xcassets in Resources */ = {isa = PBXBuildFile; fileRef = 40861028245FD1BC00996E82 /* Assets.xcassets */; };
		4086102C245FD1BC00996E82 /* LaunchScreen.storyboard in Resources */ = {isa = PBXBuildFile; fileRef = 4086102A245FD1BC00996E82 /* LaunchScreen.storyboard */; };
		40861037245FD1BD00996E82 /* calculatorTests.swift in Sources */ = {isa = PBXBuildFile; fileRef = 40861036245FD1BD00996E82 /* calculatorTests.swift */; };
		40861042245FD1BD00996E82 /* calculatorUITests.swift in Sources */ = {isa = PBXBuildFile; fileRef = 40861041245FD1BD00996E82 /* calculatorUITests.swift */; };
/* End PBXBuildFile section */

/* Begin PBXContainerItemProxy section */
		40861033245FD1BD00996E82 /* PBXContainerItemProxy */ = {
			isa = PBXContainerItemProxy;
			containerPortal = 40861014245FD1BA00996E82 /* Project object */;
			proxyType = 1;
			remoteGlobalIDString = 4086101B245FD1BA00996E82;
			remoteInfo = calculator;
		};
		4086103E245FD1BD00996E82 /* PBXContainerItemProxy */ = {
			isa = PBXContainerItemProxy;
			containerPortal = 40861014245FD1BA00996E82 /* Project object */;
			proxyType = 1;
			remoteGlobalIDString = 4086101B245FD1BA00996E82;
			remoteInfo = calculator;
		};
/* End PBXContainerItemProxy section */

/* Begin PBXFileReference section */
		4086101C245FD1BA00996E82 /* calculator.app */ = {isa = PBXFileReference; explicitFileType = wrapper.application; includeInIndex = 0; path = calculator.app; sourceTree = BUILT_PRODUCTS_DIR; };
		4086101F245FD1BA00996E82 /* AppDelegate.swift */ = {isa = PBXFileReference; lastKnownFileType = sourcecode.swift; path = AppDelegate.swift; sourceTree = "<group>"; };
		40861021245FD1BA00996E82 /* SceneDelegate.swift */ = {isa = PBXFileReference; lastKnownFileType = sourcecode.swift; path = SceneDelegate.swift; sourceTree = "<group>"; };
		40861023245FD1BA00996E82 /* ViewController.swift */ = {isa = PBXFileReference; lastKnownFileType = sourcecode.swift; path = ViewController.swift; sourceTree = "<group>"; };
		40861026245FD1BA00996E82 /* Base */ = {isa = PBXFileReference; lastKnownFileType = file.storyboard; name = Base; path = Base.lproj/Main.storyboard; sourceTree = "<group>"; };
		40861028245FD1BC00996E82 /* Assets.xcassets */ = {isa = PBXFileReference; lastKnownFileType = folder.assetcatalog; path = Assets.xcassets; sourceTree = "<group>"; };
		4086102B245FD1BC00996E82 /* Base */ = {isa = PBXFileReference; lastKnownFileType = file.storyboard; name = Base; path = Base.lproj/LaunchScreen.storyboard; sourceTree = "<group>"; };
		4086102D245FD1BC00996E82 /* Info.plist */ = {isa = PBXFileReference; lastKnownFileType = text.plist.xml; path = Info.plist; sourceTree = "<group>"; };
		40861032245FD1BD00996E82 /* calculatorTests.xctest */ = {isa = PBXFileReference; explicitFileType = wrapper.cfbundle; includeInIndex = 0; path = calculatorTests.xctest; sourceTree = BUILT_PRODUCTS_DIR; };
		40861036245FD1BD00996E82 /* calculatorTests.swift */ = {isa = PBXFileReference; lastKnownFileType = sourcecode.swift; path = calculatorTests.swift; sourceTree = "<group>"; };
		40861038245FD1BD00996E82 /* Info.plist */ = {isa = PBXFileReference; lastKnownFileType = text.plist.xml; path = Info.plist; sourceTree = "<group>"; };
		4086103D245FD1BD00996E82 /* calculatorUITests.xctest */ = {isa = PBXFileReference; explicitFileType = wrapper.cfbundle; includeInIndex = 0; path = calculatorUITests.xctest; sourceTree = BUILT_PRODUCTS_DIR; };
		40861041245FD1BD00996E82 /* calculatorUITests.swift */ = {isa = PBXFileReference; lastKnownFileType = sourcecode.swift; path = calculatorUITests.swift; sourceTree = "<group>"; };
		40861043245FD1BD00996E82 /* Info.plist */ = {isa = PBXFileReference; lastKnownFileType = text.plist.xml; path = Info.plist; sourceTree = "<group>"; };
/* End PBXFileReference section */

/* Begin PBXFrameworksBuildPhase section */
		40861019245FD1BA00996E82 /* Frameworks */ = {
			isa = PBXFrameworksBuildPhase;
			buildActionMask = 2147483647;
			files = (
			);
			runOnlyForDeploymentPostprocessing = 0;
		};
		4086102F245FD1BD00996E82 /* Frameworks */ = {
			isa = PBXFrameworksBuildPhase;
			buildActionMask = 2147483647;
			files = (
			);
			runOnlyForDeploymentPostprocessing = 0;
		};
		4086103A245FD1BD00996E82 /* Frameworks */ = {
			isa = PBXFrameworksBuildPhase;
			buildActionMask = 2147483647;
			files = (
			);
			runOnlyForDeploymentPostprocessing = 0;
		};
/* End PBXFrameworksBuildPhase section */

/* Begin PBXGroup section */
		40861013245FD1BA00996E82 = {
			isa = PBXGroup;
			children = (
				4086101E245FD1BA00996E82 /* calculator */,
				40861035245FD1BD00996E82 /* calculatorTests */,
				40861040245FD1BD00996E82 /* calculatorUITests */,
				4086101D245FD1BA00996E82 /* Products */,
			);
			sourceTree = "<group>";
		};
		4086101D245FD1BA00996E82 /* Products */ = {
			isa = PBXGroup;
			children = (
				4086101C245FD1BA00996E82 /* calculator.app */,
				40861032245FD1BD00996E82 /* calculatorTests.xctest */,
				4086103D245FD1BD00996E82 /* calculatorUITests.xctest */,
			);
			name = Products;
			sourceTree = "<group>";
		};
		4086101E245FD1BA00996E82 /* calculator */ = {
			isa = PBXGroup;
			children = (
				4086101F245FD1BA00996E82 /* AppDelegate.swift */,
				40861021245FD1BA00996E82 /* SceneDelegate.swift */,
				40861023245FD1BA00996E82 /* ViewController.swift */,
				40861025245FD1BA00996E82 /* Main.storyboard */,
				40861028245FD1BC00996E82 /* Assets.xcassets */,
				4086102A245FD1BC00996E82 /* LaunchScreen.storyboard */,
				4086102D245FD1BC00996E82 /* Info.plist */,
			);
			path = calculator;
			sourceTree = "<group>";
		};
		40861035245FD1BD00996E82 /* calculatorTests */ = {
			isa = PBXGroup;
			children = (
				40861036245FD1BD00996E82 /* calculatorTests.swift */,
				40861038245FD1BD00996E82 /* Info.plist */,
			);
			path = calculatorTests;
			sourceTree = "<group>";
		};
		40861040245FD1BD00996E82 /* calculatorUITests */ = {
			isa = PBXGroup;
			children = (
				40861041245FD1BD00996E82 /* calculatorUITests.swift */,
				40861043245FD1BD00996E82 /* Info.plist */,
			);
			path = calculatorUITests;
			sourceTree = "<group>";
		};
/* End PBXGroup section */

/* Begin PBXNativeTarget section */
		4086101B245FD1BA00996E82 /* calculator */ = {
			isa = PBXNativeTarget;
			buildConfigurationList = 40861046245FD1BD00996E82 /* Build configuration list for PBXNativeTarget "calculator" */;
			buildPhases = (
				40861018245FD1BA00996E82 /* Sources */,
				40861019245FD1BA00996E82 /* Frameworks */,
				4086101A245FD1BA00996E82 /* Resources */,
			);
			buildRules = (
			);
			dependencies = (
			);
			name = calculator;
			productName = calculator;
			productReference = 4086101C245FD1BA00996E82 /* calculator.app */;
			productType = "com.apple.product-type.application";
		};
		40861031245FD1BD00996E82 /* calculatorTests */ = {
			isa = PBXNativeTarget;
			buildConfigurationList = 40861049245FD1BD00996E82 /* Build configuration list for PBXNativeTarget "calculatorTests" */;
			buildPhases = (
				4086102E245FD1BD00996E82 /* Sources */,
				4086102F245FD1BD00996E82 /* Frameworks */,
				40861030245FD1BD00996E82 /* Resources */,
			);
			buildRules = (
			);
			dependencies = (
				40861034245FD1BD00996E82 /* PBXTargetDependency */,
			);
			name = calculatorTests;
			productName = calculatorTests;
			productReference = 40861032245FD1BD00996E82 /* calculatorTests.xctest */;
			productType = "com.apple.product-type.bundle.unit-test";
		};
		4086103C245FD1BD00996E82 /* calculatorUITests */ = {
			isa = PBXNativeTarget;
			buildConfigurationList = 4086104C245FD1BD00996E82 /* Build configuration list for PBXNativeTarget "calculatorUITests" */;
			buildPhases = (
				40861039245FD1BD00996E82 /* Sources */,
				4086103A245FD1BD00996E82 /* Frameworks */,
				4086103B245FD1BD00996E82 /* Resources */,
			);
			buildRules = (
			);
			dependencies = (
				4086103F245FD1BD00996E82 /* PBXTargetDependency */,
			);
			name = calculatorUITests;
			productName = calculatorUITests;
			productReference = 4086103D245FD1BD00996E82 /* calculatorUITests.xctest */;
			productType = "com.apple.product-type.bundle.ui-testing";
		};
/* End PBXNativeTarget section */

/* Begin PBXProject section */
		40861014245FD1BA00996E82 /* Project object */ = {
			isa = PBXProject;
			attributes = {
				LastSwiftUpdateCheck = 1130;
				LastUpgradeCheck = 1130;
				ORGANIZATIONNAME = "Owen Sabol";
				TargetAttributes = {
					4086101B245FD1BA00996E82 = {
						CreatedOnToolsVersion = 11.3.1;
					};
					40861031245FD1BD00996E82 = {
						CreatedOnToolsVersion = 11.3.1;
						TestTargetID = 4086101B245FD1BA00996E82;
					};
					4086103C245FD1BD00996E82 = {
						CreatedOnToolsVersion = 11.3.1;
						TestTargetID = 4086101B245FD1BA00996E82;
					};
				};
			};
			buildConfigurationList = 40861017245FD1BA00996E82 /* Build configuration list for PBXProject "calculator" */;
			compatibilityVersion = "Xcode 9.3";
			developmentRegion = en;
			hasScannedForEncodings = 0;
			knownRegions = (
				en,
				Base,
			);
			mainGroup = 40861013245FD1BA00996E82;
			productRefGroup = 4086101D245FD1BA00996E82 /* Products */;
			projectDirPath = "";
			projectRoot = "";
			targets = (
				4086101B245FD1BA00996E82 /* calculator */,
				40861031245FD1BD00996E82 /* calculatorTests */,
				4086103C245FD1BD00996E82 /* calculatorUITests */,
			);
		};
/* End PBXProject section */

/* Begin PBXResourcesBuildPhase section */
		4086101A245FD1BA00996E82 /* Resources */ = {
			isa = PBXResourcesBuildPhase;
			buildActionMask = 2147483647;
			files = (
				4086102C245FD1BC00996E82 /* LaunchScreen.storyboard in Resources */,
				40861029245FD1BC00996E82 /* Assets.xcassets in Resources */,
				40861027245FD1BA00996E82 /* Main.storyboard in Resources */,
			);
			runOnlyForDeploymentPostprocessing = 0;
		};
		40861030245FD1BD00996E82 /* Resources */ = {
			isa = PBXResourcesBuildPhase;
			buildActionMask = 2147483647;
			files = (
			);
			runOnlyForDeploymentPostprocessing = 0;
		};
		4086103B245FD1BD00996E82 /* Resources */ = {
			isa = PBXResourcesBuildPhase;
			buildActionMask = 2147483647;
			files = (
			);
			runOnlyForDeploymentPostprocessing = 0;
		};
/* End PBXResourcesBuildPhase section */

/* Begin PBXSourcesBuildPhase section */
		40861018245FD1BA00996E82 /* Sources */ = {
			isa = PBXSourcesBuildPhase;
			buildActionMask = 2147483647;
			files = (
				40861024245FD1BA00996E82 /* ViewController.swift in Sources */,
				40861020245FD1BA00996E82 /* AppDelegate.swift in Sources */,
				40861022245FD1BA00996E82 /* SceneDelegate.swift in Sources */,
			);
			runOnlyForDeploymentPostprocessing = 0;
		};
		4086102E245FD1BD00996E82 /* Sources */ = {
			isa = PBXSourcesBuildPhase;
			buildActionMask = 2147483647;
			files = (
				40861037245FD1BD00996E82 /* calculatorTests.swift in Sources */,
			);
			runOnlyForDeploymentPostprocessing = 0;
		};
		40861039245FD1BD00996E82 /* Sources */ = {
			isa = PBXSourcesBuildPhase;
			buildActionMask = 2147483647;
			files = (
				40861042245FD1BD00996E82 /* calculatorUITests.swift in Sources */,
			);
			runOnlyForDeploymentPostprocessing = 0;
		};
/* End PBXSourcesBuildPhase section */

/* Begin PBXTargetDependency section */
		40861034245FD1BD00996E82 /* PBXTargetDependency */ = {
			isa = PBXTargetDependency;
			target = 4086101B245FD1BA00996E82 /* calculator */;
			targetProxy = 40861033245FD1BD00996E82 /* PBXContainerItemProxy */;
		};
		4086103F245FD1BD00996E82 /* PBXTargetDependency */ = {
			isa = PBXTargetDependency;
			target = 4086101B245FD1BA00996E82 /* calculator */;
			targetProxy = 4086103E245FD1BD00996E82 /* PBXContainerItemProxy */;
		};
/* End PBXTargetDependency section */

/* Begin PBXVariantGroup section */
		40861025245FD1BA00996E82 /* Main.storyboard */ = {
			isa = PBXVariantGroup;
			children = (
				40861026245FD1BA00996E82 /* Base */,
			);
			name = Main.storyboard;
			sourceTree = "<group>";
		};
		4086102A245FD1BC00996E82 /* LaunchScreen.storyboard */ = {
			isa = PBXVariantGroup;
			children = (
				4086102B245FD1BC00996E82 /* Base */,
			);
			name = LaunchScreen.storyboard;
			sourceTree = "<group>";
		};
/* End PBXVariantGroup section */

/* Begin XCBuildConfiguration section */
		40861044245FD1BD00996E82 /* Debug */ = {
			isa = XCBuildConfiguration;
			buildSettings = {
				ALWAYS_SEARCH_USER_PATHS = NO;
				CLANG_ANALYZER_NONNULL = YES;
				CLANG_ANALYZER_NUMBER_OBJECT_CONVERSION = YES_AGGRESSIVE;
				CLANG_CXX_LANGUAGE_STANDARD = "gnu++14";
				CLANG_CXX_LIBRARY = "libc++";
				CLANG_ENABLE_MODULES = YES;
				CLANG_ENABLE_OBJC_ARC = YES;
				CLANG_ENABLE_OBJC_WEAK = YES;
				CLANG_WARN_BLOCK_CAPTURE_AUTORELEASING = YES;
				CLANG_WARN_BOOL_CONVERSION = YES;
				CLANG_WARN_COMMA = YES;
				CLANG_WARN_CONSTANT_CONVERSION = YES;
				CLANG_WARN_DEPRECATED_OBJC_IMPLEMENTATIONS = YES;
				CLANG_WARN_DIRECT_OBJC_ISA_USAGE = YES_ERROR;
				CLANG_WARN_DOCUMENTATION_COMMENTS = YES;
				CLANG_WARN_EMPTY_BODY = YES;
				CLANG_WARN_ENUM_CONVERSION = YES;
				CLANG_WARN_INFINITE_RECURSION = YES;
				CLANG_WARN_INT_CONVERSION = YES;
				CLANG_WARN_NON_LITERAL_NULL_CONVERSION = YES;
				CLANG_WARN_OBJC_IMPLICIT_RETAIN_SELF = YES;
				CLANG_WARN_OBJC_LITERAL_CONVERSION = YES;
				CLANG_WARN_OBJC_ROOT_CLASS = YES_ERROR;
				CLANG_WARN_RANGE_LOOP_ANALYSIS = YES;
				CLANG_WARN_STRICT_PROTOTYPES = YES;
				CLANG_WARN_SUSPICIOUS_MOVE = YES;
				CLANG_WARN_UNGUARDED_AVAILABILITY = YES_AGGRESSIVE;
				CLANG_WARN_UNREACHABLE_CODE = YES;
				CLANG_WARN__DUPLICATE_METHOD_MATCH = YES;
				COPY_PHASE_STRIP = NO;
				DEBUG_INFORMATION_FORMAT = dwarf;
				ENABLE_STRICT_OBJC_MSGSEND = YES;
				ENABLE_TESTABILITY = YES;
				GCC_C_LANGUAGE_STANDARD = gnu11;
				GCC_DYNAMIC_NO_PIC = NO;
				GCC_NO_COMMON_BLOCKS = YES;
				GCC_OPTIMIZATION_LEVEL = 0;
				GCC_PREPROCESSOR_DEFINITIONS = (
					"DEBUG=1",
					"$(inherited)",
				);
				GCC_WARN_64_TO_32_BIT_CONVERSION = YES;
				GCC_WARN_ABOUT_RETURN_TYPE = YES_ERROR;
				GCC_WARN_UNDECLARED_SELECTOR = YES;
				GCC_WARN_UNINITIALIZED_AUTOS = YES_AGGRESSIVE;
				GCC_WARN_UNUSED_FUNCTION = YES;
				GCC_WARN_UNUSED_VARIABLE = YES;
				IPHONEOS_DEPLOYMENT_TARGET = 13.2;
				MTL_ENABLE_DEBUG_INFO = INCLUDE_SOURCE;
				MTL_FAST_MATH = YES;
				ONLY_ACTIVE_ARCH = YES;
				SDKROOT = iphoneos;
				SWIFT_ACTIVE_COMPILATION_CONDITIONS = DEBUG;
				SWIFT_OPTIMIZATION_LEVEL = "-Onone";
			};
			name = Debug;
		};
		40861045245FD1BD00996E82 /* Release */ = {
			isa = XCBuildConfiguration;
			buildSettings = {
				ALWAYS_SEARCH_USER_PATHS = NO;
				CLANG_ANALYZER_NONNULL = YES;
				CLANG_ANALYZER_NUMBER_OBJECT_CONVERSION = YES_AGGRESSIVE;
				CLANG_CXX_LANGUAGE_STANDARD = "gnu++14";
				CLANG_CXX_LIBRARY = "libc++";
				CLANG_ENABLE_MODULES = YES;
				CLANG_ENABLE_OBJC_ARC = YES;
				CLANG_ENABLE_OBJC_WEAK = YES;
				CLANG_WARN_BLOCK_CAPTURE_AUTORELEASING = YES;
				CLANG_WARN_BOOL_CONVERSION = YES;
				CLANG_WARN_COMMA = YES;
				CLANG_WARN_CONSTANT_CONVERSION = YES;
				CLANG_WARN_DEPRECATED_OBJC_IMPLEMENTATIONS = YES;
				CLANG_WARN_DIRECT_OBJC_ISA_USAGE = YES_ERROR;
				CLANG_WARN_DOCUMENTATION_COMMENTS = YES;
				CLANG_WARN_EMPTY_BODY = YES;
				CLANG_WARN_ENUM_CONVERSION = YES;
				CLANG_WARN_INFINITE_RECURSION = YES;
				CLANG_WARN_INT_CONVERSION = YES;
				CLANG_WARN_NON_LITERAL_NULL_CONVERSION = YES;
				CLANG_WARN_OBJC_IMPLICIT_RETAIN_SELF = YES;
				CLANG_WARN_OBJC_LITERAL_CONVERSION = YES;
				CLANG_WARN_OBJC_ROOT_CLASS = YES_ERROR;
				CLANG_WARN_RANGE_LOOP_ANALYSIS = YES;
				CLANG_WARN_STRICT_PROTOTYPES = YES;
				CLANG_WARN_SUSPICIOUS_MOVE = YES;
				CLANG_WARN_UNGUARDED_AVAILABILITY = YES_AGGRESSIVE;
				CLANG_WARN_UNREACHABLE_CODE = YES;
				CLANG_WARN__DUPLICATE_METHOD_MATCH = YES;
				COPY_PHASE_STRIP = NO;
				DEBUG_INFORMATION_FORMAT = "dwarf-with-dsym";
				ENABLE_NS_ASSERTIONS = NO;
				ENABLE_STRICT_OBJC_MSGSEND = YES;
				GCC_C_LANGUAGE_STANDARD = gnu11;
				GCC_NO_COMMON_BLOCKS = YES;
				GCC_WARN_64_TO_32_BIT_CONVERSION = YES;
				GCC_WARN_ABOUT_RETURN_TYPE = YES_ERROR;
				GCC_WARN_UNDECLARED_SELECTOR = YES;
				GCC_WARN_UNINITIALIZED_AUTOS = YES_AGGRESSIVE;
				GCC_WARN_UNUSED_FUNCTION = YES;
				GCC_WARN_UNUSED_VARIABLE = YES;
				IPHONEOS_DEPLOYMENT_TARGET = 13.2;
				MTL_ENABLE_DEBUG_INFO = NO;
				MTL_FAST_MATH = YES;
				SDKROOT = iphoneos;
				SWIFT_COMPILATION_MODE = wholemodule;
				SWIFT_OPTIMIZATION_LEVEL = "-O";
				VALIDATE_PRODUCT = YES;
			};
			name = Release;
		};
		40861047245FD1BD00996E82 /* Debug */ = {
			isa = XCBuildConfiguration;
			buildSettings = {
				ASSETCATALOG_COMPILER_APPICON_NAME = AppIcon;
				CODE_SIGN_STYLE = Automatic;
				INFOPLIST_FILE = calculator/Info.plist;
				LD_RUNPATH_SEARCH_PATHS = (
					"$(inherited)",
					"@executable_path/Frameworks",
				);
				PRODUCT_BUNDLE_IDENTIFIER = "first-try.calculator";
				PRODUCT_NAME = "$(TARGET_NAME)";
				SWIFT_VERSION = 5.0;
				TARGETED_DEVICE_FAMILY = "1,2";
			};
			name = Debug;
		};
		40861048245FD1BD00996E82 /* Release */ = {
			isa = XCBuildConfiguration;
			buildSettings = {
				ASSETCATALOG_COMPILER_APPICON_NAME = AppIcon;
				CODE_SIGN_STYLE = Automatic;
				INFOPLIST_FILE = calculator/Info.plist;
				LD_RUNPATH_SEARCH_PATHS = (
					"$(inherited)",
					"@executable_path/Frameworks",
				);
				PRODUCT_BUNDLE_IDENTIFIER = "first-try.calculator";
				PRODUCT_NAME = "$(TARGET_NAME)";
				SWIFT_VERSION = 5.0;
				TARGETED_DEVICE_FAMILY = "1,2";
			};
			name = Release;
		};
		4086104A245FD1BD00996E82 /* Debug */ = {
			isa = XCBuildConfiguration;
			buildSettings = {
				ALWAYS_EMBED_SWIFT_STANDARD_LIBRARIES = YES;
				BUNDLE_LOADER = "$(TEST_HOST)";
				CODE_SIGN_STYLE = Automatic;
				INFOPLIST_FILE = calculatorTests/Info.plist;
				IPHONEOS_DEPLOYMENT_TARGET = 13.2;
				LD_RUNPATH_SEARCH_PATHS = (
					"$(inherited)",
					"@executable_path/Frameworks",
					"@loader_path/Frameworks",
				);
				PRODUCT_BUNDLE_IDENTIFIER = "first-try.calculatorTests";
				PRODUCT_NAME = "$(TARGET_NAME)";
				SWIFT_VERSION = 5.0;
				TARGETED_DEVICE_FAMILY = "1,2";
				TEST_HOST = "$(BUILT_PRODUCTS_DIR)/calculator.app/calculator";
			};
			name = Debug;
		};
		4086104B245FD1BD00996E82 /* Release */ = {
			isa = XCBuildConfiguration;
			buildSettings = {
				ALWAYS_EMBED_SWIFT_STANDARD_LIBRARIES = YES;
				BUNDLE_LOADER = "$(TEST_HOST)";
				CODE_SIGN_STYLE = Automatic;
				INFOPLIST_FILE = calculatorTests/Info.plist;
				IPHONEOS_DEPLOYMENT_TARGET = 13.2;
				LD_RUNPATH_SEARCH_PATHS = (
					"$(inherited)",
					"@executable_path/Frameworks",
					"@loader_path/Frameworks",
				);
				PRODUCT_BUNDLE_IDENTIFIER = "first-try.calculatorTests";
				PRODUCT_NAME = "$(TARGET_NAME)";
				SWIFT_VERSION = 5.0;
				TARGETED_DEVICE_FAMILY = "1,2";
				TEST_HOST = "$(BUILT_PRODUCTS_DIR)/calculator.app/calculator";
			};
			name = Release;
		};
		4086104D245FD1BD00996E82 /* Debug */ = {
			isa = XCBuildConfiguration;
			buildSettings = {
				ALWAYS_EMBED_SWIFT_STANDARD_LIBRARIES = YES;
				CODE_SIGN_STYLE = Automatic;
				INFOPLIST_FILE = calculatorUITests/Info.plist;
				LD_RUNPATH_SEARCH_PATHS = (
					"$(inherited)",
					"@executable_path/Frameworks",
					"@loader_path/Frameworks",
				);
				PRODUCT_BUNDLE_IDENTIFIER = "first-try.calculatorUITests";
				PRODUCT_NAME = "$(TARGET_NAME)";
				SWIFT_VERSION = 5.0;
				TARGETED_DEVICE_FAMILY = "1,2";
				TEST_TARGET_NAME = calculator;
			};
			name = Debug;
		};
		4086104E245FD1BD00996E82 /* Release */ = {
			isa = XCBuildConfiguration;
			buildSettings = {
				ALWAYS_EMBED_SWIFT_STANDARD_LIBRARIES = YES;
				CODE_SIGN_STYLE = Automatic;
				INFOPLIST_FILE = calculatorUITests/Info.plist;
				LD_RUNPATH_SEARCH_PATHS = (
					"$(inherited)",
					"@executable_path/Frameworks",
					"@loader_path/Frameworks",
				);
				PRODUCT_BUNDLE_IDENTIFIER = "first-try.calculatorUITests";
				PRODUCT_NAME = "$(TARGET_NAME)";
				SWIFT_VERSION = 5.0;
				TARGETED_DEVICE_FAMILY = "1,2";
				TEST_TARGET_NAME = calculator;
			};
			name = Release;
		};
/* End XCBuildConfiguration section */

/* Begin XCConfigurationList section */
		40861017245FD1BA00996E82 /* Build configuration list for PBXProject "calculator" */ = {
			isa = XCConfigurationList;
			buildConfigurations = (
				40861044245FD1BD00996E82 /* Debug */,
				40861045245FD1BD00996E82 /* Release */,
			);
			defaultConfigurationIsVisible = 0;
			defaultConfigurationName = Release;
		};
		40861046245FD1BD00996E82 /* Build configuration list for PBXNativeTarget "calculator" */ = {
			isa = XCConfigurationList;
			buildConfigurations = (
				40861047245FD1BD00996E82 /* Debug */,
				40861048245FD1BD00996E82 /* Release */,
			);
			defaultConfigurationIsVisible = 0;
			defaultConfigurationName = Release;
		};
		40861049245FD1BD00996E82 /* Build configuration list for PBXNativeTarget "calculatorTests" */ = {
			isa = XCConfigurationList;
			buildConfigurations = (
				4086104A245FD1BD00996E82 /* Debug */,
				4086104B245FD1BD00996E82 /* Release */,
			);
			defaultConfigurationIsVisible = 0;
			defaultConfigurationName = Release;
		};
		4086104C245FD1BD00996E82 /* Build configuration list for PBXNativeTarget "calculatorUITests" */ = {
			isa = XCConfigurationList;
			buildConfigurations = (
				4086104D245FD1BD00996E82 /* Debug */,
				4086104E245FD1BD00996E82 /* Release */,
			);
			defaultConfigurationIsVisible = 0;
			defaultConfigurationName = Release;
		};
/* End XCConfigurationList section */
	};
	rootObject = 40861014245FD1BA00996E82 /* Project object */;
}
